// !$*UTF8*$!
{
	archiveVersion = 1;
	classes = {
	};
	objectVersion = 50;
	objects = {

/* Begin PBXBuildFile section */
		DE007959223E09D100E7ACAA /* AllPaths.swift in Sources */ = {isa = PBXBuildFile; fileRef = DE007958223E09D100E7ACAA /* AllPaths.swift */; };
		DE00795A223E09D100E7ACAA /* AllPaths.swift in Sources */ = {isa = PBXBuildFile; fileRef = DE007958223E09D100E7ACAA /* AllPaths.swift */; };
		DE00795D223E0A3400E7ACAA /* AllPathsTest.swift in Sources */ = {isa = PBXBuildFile; fileRef = DE00795C223E0A3400E7ACAA /* AllPathsTest.swift */; };
		DE014D7722979E9900578BB1 /* DailyTemperatures.swift in Sources */ = {isa = PBXBuildFile; fileRef = DE014D7622979E9900578BB1 /* DailyTemperatures.swift */; };
		DE014D7822979E9900578BB1 /* DailyTemperatures.swift in Sources */ = {isa = PBXBuildFile; fileRef = DE014D7622979E9900578BB1 /* DailyTemperatures.swift */; };
		DE014D7A2297A1C700578BB1 /* DailyTemperaturesTest.swift in Sources */ = {isa = PBXBuildFile; fileRef = DE014D792297A1C700578BB1 /* DailyTemperaturesTest.swift */; };
		DE014D812298DFC200578BB1 /* NumberOfJewelsInStones.swift in Sources */ = {isa = PBXBuildFile; fileRef = DE014D802298DFC200578BB1 /* NumberOfJewelsInStones.swift */; };
		DE014D832298E42C00578BB1 /* NumberOfJewelsInStonesTest.swift in Sources */ = {isa = PBXBuildFile; fileRef = DE014D822298E42C00578BB1 /* NumberOfJewelsInStonesTest.swift */; };
		DE014D842298E43900578BB1 /* NumberOfJewelsInStones.swift in Sources */ = {isa = PBXBuildFile; fileRef = DE014D802298DFC200578BB1 /* NumberOfJewelsInStones.swift */; };
		DE014D902298F50D00578BB1 /* RepeatTwoNArray.swift in Sources */ = {isa = PBXBuildFile; fileRef = DE014D8F2298F50D00578BB1 /* RepeatTwoNArray.swift */; };
		DE014D912298F50D00578BB1 /* RepeatTwoNArray.swift in Sources */ = {isa = PBXBuildFile; fileRef = DE014D8F2298F50D00578BB1 /* RepeatTwoNArray.swift */; };
		DE014D942298F57000578BB1 /* RepeatTwoNArrayTest.swift in Sources */ = {isa = PBXBuildFile; fileRef = DE014D932298F57000578BB1 /* RepeatTwoNArrayTest.swift */; };
		DE014D982298F6A400578BB1 /* TopKElements.swift in Sources */ = {isa = PBXBuildFile; fileRef = DE014D972298F6A400578BB1 /* TopKElements.swift */; };
		DE014D992298F6A400578BB1 /* TopKElements.swift in Sources */ = {isa = PBXBuildFile; fileRef = DE014D972298F6A400578BB1 /* TopKElements.swift */; };
		DE014D9C2298FB4800578BB1 /* TopKElementsTest.swift in Sources */ = {isa = PBXBuildFile; fileRef = DE014D9B2298FB4800578BB1 /* TopKElementsTest.swift */; };
		DE014DA122990B6200578BB1 /* ValidParentheses.swift in Sources */ = {isa = PBXBuildFile; fileRef = DE014DA022990B6200578BB1 /* ValidParentheses.swift */; };
		DE014DA222990B6200578BB1 /* ValidParentheses.swift in Sources */ = {isa = PBXBuildFile; fileRef = DE014DA022990B6200578BB1 /* ValidParentheses.swift */; };
		DE014DA422990D9600578BB1 /* ValidParenthesesTest.swift in Sources */ = {isa = PBXBuildFile; fileRef = DE014DA322990D9600578BB1 /* ValidParenthesesTest.swift */; };
		DE014DA822991B1800578BB1 /* LongestCommonPrefix.swift in Sources */ = {isa = PBXBuildFile; fileRef = DE014DA722991B1800578BB1 /* LongestCommonPrefix.swift */; };
		DE014DA922991B1800578BB1 /* LongestCommonPrefix.swift in Sources */ = {isa = PBXBuildFile; fileRef = DE014DA722991B1800578BB1 /* LongestCommonPrefix.swift */; };
		DE014DAC229929AE00578BB1 /* LongestCommonPrefixTest.swift in Sources */ = {isa = PBXBuildFile; fileRef = DE014DAB229929AE00578BB1 /* LongestCommonPrefixTest.swift */; };
		DE3BC6D5225886EC00867EED /* Regex.swift in Sources */ = {isa = PBXBuildFile; fileRef = DE3BC6D4225886EC00867EED /* Regex.swift */; };
		DE3BC6D6225886EC00867EED /* Regex.swift in Sources */ = {isa = PBXBuildFile; fileRef = DE3BC6D4225886EC00867EED /* Regex.swift */; };
		DE3BC6D822588B0600867EED /* RegexTest.swift in Sources */ = {isa = PBXBuildFile; fileRef = DE3BC6D722588B0600867EED /* RegexTest.swift */; };
		DE90055B222B8E5600458081 /* SwiftCodes.framework in Frameworks */ = {isa = PBXBuildFile; fileRef = DE900551222B8E5600458081 /* SwiftCodes.framework */; };
		DE900560222B8E5600458081 /* SwiftCodesTests.swift in Sources */ = {isa = PBXBuildFile; fileRef = DE90055F222B8E5600458081 /* SwiftCodesTests.swift */; };
		DE900562222B8E5600458081 /* SwiftCodes.h in Headers */ = {isa = PBXBuildFile; fileRef = DE900554222B8E5600458081 /* SwiftCodes.h */; settings = {ATTRIBUTES = (Public, ); }; };
		DE90057D222B8FE200458081 /* FizzBuzzTest.swift in Sources */ = {isa = PBXBuildFile; fileRef = DE90057C222B8FE200458081 /* FizzBuzzTest.swift */; };
		DE90057E222B900D00458081 /* AirportRoute.swift in Sources */ = {isa = PBXBuildFile; fileRef = DE900575222B8F9000458081 /* AirportRoute.swift */; };
		DE90057F222B900D00458081 /* FizzBuzz.swift in Sources */ = {isa = PBXBuildFile; fileRef = DE900574222B8F8F00458081 /* FizzBuzz.swift */; };
		DE900580222B900E00458081 /* AirportRoute.swift in Sources */ = {isa = PBXBuildFile; fileRef = DE900575222B8F9000458081 /* AirportRoute.swift */; };
		DE900581222B900E00458081 /* FizzBuzz.swift in Sources */ = {isa = PBXBuildFile; fileRef = DE900574222B8F8F00458081 /* FizzBuzz.swift */; };
		DE900583222B906500458081 /* AirportRouteTest.swift in Sources */ = {isa = PBXBuildFile; fileRef = DE900582222B906500458081 /* AirportRouteTest.swift */; };
		DE900591222BA8E500458081 /* Fibonacci.swift in Sources */ = {isa = PBXBuildFile; fileRef = DE900590222BA8E500458081 /* Fibonacci.swift */; };
		DE900592222BA8E500458081 /* Fibonacci.swift in Sources */ = {isa = PBXBuildFile; fileRef = DE900590222BA8E500458081 /* Fibonacci.swift */; };
		DE900595222BA93600458081 /* FibonacciTest.swift in Sources */ = {isa = PBXBuildFile; fileRef = DE900594222BA93600458081 /* FibonacciTest.swift */; };
		DEA79A082296497500468823 /* SingleNumber.swift in Sources */ = {isa = PBXBuildFile; fileRef = DEA79A072296497500468823 /* SingleNumber.swift */; };
		DEA79A092296497500468823 /* SingleNumber.swift in Sources */ = {isa = PBXBuildFile; fileRef = DEA79A072296497500468823 /* SingleNumber.swift */; };
		DEA79A0B229649B400468823 /* SingleNumberTest.swift in Sources */ = {isa = PBXBuildFile; fileRef = DEA79A0A229649B400468823 /* SingleNumberTest.swift */; };
		DEA79A122296861400468823 /* NumberToBinary.swift in Sources */ = {isa = PBXBuildFile; fileRef = DEA79A112296861400468823 /* NumberToBinary.swift */; };
		DEA79A14229687B400468823 /* NumberToBinaryTest.swift in Sources */ = {isa = PBXBuildFile; fileRef = DEA79A13229687B400468823 /* NumberToBinaryTest.swift */; };
		DEA79A152296880E00468823 /* NumberToBinary.swift in Sources */ = {isa = PBXBuildFile; fileRef = DEA79A112296861400468823 /* NumberToBinary.swift */; };
		DEFCBBD4223E1A0D00CBBAC6 /* HeightBalancedTree.swift in Sources */ = {isa = PBXBuildFile; fileRef = DEFCBBD3223E1A0D00CBBAC6 /* HeightBalancedTree.swift */; };
		DEFCBBD5223E1A0D00CBBAC6 /* HeightBalancedTree.swift in Sources */ = {isa = PBXBuildFile; fileRef = DEFCBBD3223E1A0D00CBBAC6 /* HeightBalancedTree.swift */; };
		DEFCBBD8223E1A2D00CBBAC6 /* HeightBalancedTreeTest.swift in Sources */ = {isa = PBXBuildFile; fileRef = DEFCBBD7223E1A2D00CBBAC6 /* HeightBalancedTreeTest.swift */; };
		DEFCBBDC223F5D4500CBBAC6 /* BSTMaxHeight.swift in Sources */ = {isa = PBXBuildFile; fileRef = DEFCBBDB223F5D4500CBBAC6 /* BSTMaxHeight.swift */; };
		DEFCBBDD223F5D4500CBBAC6 /* BSTMaxHeight.swift in Sources */ = {isa = PBXBuildFile; fileRef = DEFCBBDB223F5D4500CBBAC6 /* BSTMaxHeight.swift */; };
		DEFCBBE0223F5D6700CBBAC6 /* BSTMaxHeightTest.swift in Sources */ = {isa = PBXBuildFile; fileRef = DEFCBBDF223F5D6700CBBAC6 /* BSTMaxHeightTest.swift */; };
		DEFCBBE4223F5FF600CBBAC6 /* BSTInversion.swift in Sources */ = {isa = PBXBuildFile; fileRef = DEFCBBE3223F5FF600CBBAC6 /* BSTInversion.swift */; };
		DEFCBBE7223F600B00CBBAC6 /* BSTInversion.swift in Sources */ = {isa = PBXBuildFile; fileRef = DEFCBBE3223F5FF600CBBAC6 /* BSTInversion.swift */; };
		DEFCBBEA223F623400CBBAC6 /* BSTInversionTest.swift in Sources */ = {isa = PBXBuildFile; fileRef = DEFCBBE9223F623400CBBAC6 /* BSTInversionTest.swift */; };
		DEFCBBFE2241A25A00CBBAC6 /* FileOpener.swift in Sources */ = {isa = PBXBuildFile; fileRef = DEFCBBFD2241A25900CBBAC6 /* FileOpener.swift */; };
		DEFCBC012241A3DF00CBBAC6 /* FileOpenerTest.swift in Sources */ = {isa = PBXBuildFile; fileRef = DEFCBC002241A3DF00CBBAC6 /* FileOpenerTest.swift */; };
		DEFCBC022241A44800CBBAC6 /* FileOpener.swift in Sources */ = {isa = PBXBuildFile; fileRef = DEFCBBFD2241A25900CBBAC6 /* FileOpener.swift */; };
		DEFCBC072241A9F000CBBAC6 /* test01.plist in Resources */ = {isa = PBXBuildFile; fileRef = DEFCBC062241A9F000CBBAC6 /* test01.plist */; };
		DEFCBC092241AA8300CBBAC6 /* test02.txt in Resources */ = {isa = PBXBuildFile; fileRef = DEFCBC082241AA8300CBBAC6 /* test02.txt */; };
		DEFCBC0E224201D900CBBAC6 /* test03.json in Resources */ = {isa = PBXBuildFile; fileRef = DEFCBC0C224201D800CBBAC6 /* test03.json */; };
		DEFCBC10224205F500CBBAC6 /* test04.json in Resources */ = {isa = PBXBuildFile; fileRef = DEFCBC0F224205F500CBBAC6 /* test04.json */; };
		DEFCBC12224226BB00CBBAC6 /* test05.json in Resources */ = {isa = PBXBuildFile; fileRef = DEFCBC11224226BA00CBBAC6 /* test05.json */; };
		DEFCBC1422422B0B00CBBAC6 /* test06.json in Resources */ = {isa = PBXBuildFile; fileRef = DEFCBC1322422B0B00CBBAC6 /* test06.json */; };
/* End PBXBuildFile section */

/* Begin PBXContainerItemProxy section */
		DE90055C222B8E5600458081 /* PBXContainerItemProxy */ = {
			isa = PBXContainerItemProxy;
			containerPortal = DE900548222B8E5600458081 /* Project object */;
			proxyType = 1;
			remoteGlobalIDString = DE900550222B8E5600458081;
			remoteInfo = SwiftCodes;
		};
		DE900589222B93D200458081 /* PBXContainerItemProxy */ = {
			isa = PBXContainerItemProxy;
			containerPortal = DE900584222B93D200458081 /* SwiftDS.xcodeproj */;
			proxyType = 2;
			remoteGlobalIDString = DEA1E1F2222349C700835262;
			remoteInfo = SwiftDS;
		};
		DE90058B222B93D200458081 /* PBXContainerItemProxy */ = {
			isa = PBXContainerItemProxy;
			containerPortal = DE900584222B93D200458081 /* SwiftDS.xcodeproj */;
			proxyType = 2;
			remoteGlobalIDString = DEA1E1FB222349C700835262;
			remoteInfo = SwiftDSTests;
		};
		DE90058D222B941100458081 /* PBXContainerItemProxy */ = {
			isa = PBXContainerItemProxy;
			containerPortal = DE900584222B93D200458081 /* SwiftDS.xcodeproj */;
			proxyType = 1;
			remoteGlobalIDString = DEA1E1F1222349C700835262;
			remoteInfo = SwiftDS;
		};
/* End PBXContainerItemProxy section */

/* Begin PBXFileReference section */
		DE007958223E09D100E7ACAA /* AllPaths.swift */ = {isa = PBXFileReference; lastKnownFileType = sourcecode.swift; path = AllPaths.swift; sourceTree = "<group>"; };
		DE00795C223E0A3400E7ACAA /* AllPathsTest.swift */ = {isa = PBXFileReference; lastKnownFileType = sourcecode.swift; name = AllPathsTest.swift; path = SwiftCodesTests/tree/bst/AllPathsTest.swift; sourceTree = SOURCE_ROOT; };
		DE014D7622979E9900578BB1 /* DailyTemperatures.swift */ = {isa = PBXFileReference; lastKnownFileType = sourcecode.swift; path = DailyTemperatures.swift; sourceTree = "<group>"; };
		DE014D792297A1C700578BB1 /* DailyTemperaturesTest.swift */ = {isa = PBXFileReference; lastKnownFileType = sourcecode.swift; path = DailyTemperaturesTest.swift; sourceTree = "<group>"; };
		DE014D802298DFC200578BB1 /* NumberOfJewelsInStones.swift */ = {isa = PBXFileReference; lastKnownFileType = sourcecode.swift; path = NumberOfJewelsInStones.swift; sourceTree = "<group>"; };
		DE014D822298E42C00578BB1 /* NumberOfJewelsInStonesTest.swift */ = {isa = PBXFileReference; lastKnownFileType = sourcecode.swift; name = NumberOfJewelsInStonesTest.swift; path = SwiftCodesTests/texts/NumberOfJewelsInStonesTest.swift; sourceTree = SOURCE_ROOT; };
		DE014D8F2298F50D00578BB1 /* RepeatTwoNArray.swift */ = {isa = PBXFileReference; lastKnownFileType = sourcecode.swift; path = RepeatTwoNArray.swift; sourceTree = "<group>"; };
		DE014D932298F57000578BB1 /* RepeatTwoNArrayTest.swift */ = {isa = PBXFileReference; lastKnownFileType = sourcecode.swift; path = RepeatTwoNArrayTest.swift; sourceTree = "<group>"; };
		DE014D972298F6A400578BB1 /* TopKElements.swift */ = {isa = PBXFileReference; lastKnownFileType = sourcecode.swift; path = TopKElements.swift; sourceTree = "<group>"; };
		DE014D9B2298FB4800578BB1 /* TopKElementsTest.swift */ = {isa = PBXFileReference; lastKnownFileType = sourcecode.swift; name = TopKElementsTest.swift; path = SwiftCodesTests/classics/TopKElementsTest.swift; sourceTree = SOURCE_ROOT; };
		DE014DA022990B6200578BB1 /* ValidParentheses.swift */ = {isa = PBXFileReference; lastKnownFileType = sourcecode.swift; path = ValidParentheses.swift; sourceTree = "<group>"; };
		DE014DA322990D9600578BB1 /* ValidParenthesesTest.swift */ = {isa = PBXFileReference; lastKnownFileType = sourcecode.swift; path = ValidParenthesesTest.swift; sourceTree = "<group>"; };
		DE014DA722991B1800578BB1 /* LongestCommonPrefix.swift */ = {isa = PBXFileReference; lastKnownFileType = sourcecode.swift; path = LongestCommonPrefix.swift; sourceTree = "<group>"; };
		DE014DAB229929AE00578BB1 /* LongestCommonPrefixTest.swift */ = {isa = PBXFileReference; lastKnownFileType = sourcecode.swift; name = LongestCommonPrefixTest.swift; path = SwiftCodesTests/classics/LongestCommonPrefixTest.swift; sourceTree = SOURCE_ROOT; };
		DE3BC6D4225886EC00867EED /* Regex.swift */ = {isa = PBXFileReference; lastKnownFileType = sourcecode.swift; path = Regex.swift; sourceTree = "<group>"; };
		DE3BC6D722588B0600867EED /* RegexTest.swift */ = {isa = PBXFileReference; lastKnownFileType = sourcecode.swift; name = RegexTest.swift; path = SwiftCodesTests/swift/text/RegexTest.swift; sourceTree = SOURCE_ROOT; };
		DE900551222B8E5600458081 /* SwiftCodes.framework */ = {isa = PBXFileReference; explicitFileType = wrapper.framework; includeInIndex = 0; path = SwiftCodes.framework; sourceTree = BUILT_PRODUCTS_DIR; };
		DE900554222B8E5600458081 /* SwiftCodes.h */ = {isa = PBXFileReference; lastKnownFileType = sourcecode.c.h; path = SwiftCodes.h; sourceTree = "<group>"; };
		DE900555222B8E5600458081 /* Info.plist */ = {isa = PBXFileReference; lastKnownFileType = text.plist.xml; path = Info.plist; sourceTree = "<group>"; };
		DE90055A222B8E5600458081 /* SwiftCodesTests.xctest */ = {isa = PBXFileReference; explicitFileType = wrapper.cfbundle; includeInIndex = 0; path = SwiftCodesTests.xctest; sourceTree = BUILT_PRODUCTS_DIR; };
		DE90055F222B8E5600458081 /* SwiftCodesTests.swift */ = {isa = PBXFileReference; lastKnownFileType = sourcecode.swift; path = SwiftCodesTests.swift; sourceTree = "<group>"; };
		DE900561222B8E5600458081 /* Info.plist */ = {isa = PBXFileReference; lastKnownFileType = text.plist.xml; path = Info.plist; sourceTree = "<group>"; };
		DE900574222B8F8F00458081 /* FizzBuzz.swift */ = {isa = PBXFileReference; lastKnownFileType = sourcecode.swift; path = FizzBuzz.swift; sourceTree = "<group>"; };
		DE900575222B8F9000458081 /* AirportRoute.swift */ = {isa = PBXFileReference; lastKnownFileType = sourcecode.swift; path = AirportRoute.swift; sourceTree = "<group>"; };
		DE90057C222B8FE200458081 /* FizzBuzzTest.swift */ = {isa = PBXFileReference; lastKnownFileType = sourcecode.swift; path = FizzBuzzTest.swift; sourceTree = "<group>"; };
		DE900582222B906500458081 /* AirportRouteTest.swift */ = {isa = PBXFileReference; lastKnownFileType = sourcecode.swift; path = AirportRouteTest.swift; sourceTree = "<group>"; };
		DE900584222B93D200458081 /* SwiftDS.xcodeproj */ = {isa = PBXFileReference; lastKnownFileType = "wrapper.pb-project"; name = SwiftDS.xcodeproj; path = ../SwiftDS/SwiftDS.xcodeproj; sourceTree = "<group>"; };
		DE900590222BA8E500458081 /* Fibonacci.swift */ = {isa = PBXFileReference; fileEncoding = 4; lastKnownFileType = sourcecode.swift; path = Fibonacci.swift; sourceTree = "<group>"; };
		DE900594222BA93600458081 /* FibonacciTest.swift */ = {isa = PBXFileReference; lastKnownFileType = sourcecode.swift; name = FibonacciTest.swift; path = SwiftCodesTests/dynamic/FibonacciTest.swift; sourceTree = SOURCE_ROOT; };
		DEA79A072296497500468823 /* SingleNumber.swift */ = {isa = PBXFileReference; lastKnownFileType = sourcecode.swift; path = SingleNumber.swift; sourceTree = "<group>"; };
		DEA79A0A229649B400468823 /* SingleNumberTest.swift */ = {isa = PBXFileReference; lastKnownFileType = sourcecode.swift; path = SingleNumberTest.swift; sourceTree = "<group>"; };
		DEA79A112296861400468823 /* NumberToBinary.swift */ = {isa = PBXFileReference; lastKnownFileType = sourcecode.swift; path = NumberToBinary.swift; sourceTree = "<group>"; };
		DEA79A13229687B400468823 /* NumberToBinaryTest.swift */ = {isa = PBXFileReference; lastKnownFileType = sourcecode.swift; name = NumberToBinaryTest.swift; path = SwiftCodesTests/bits/NumberToBinaryTest.swift; sourceTree = SOURCE_ROOT; };
		DEFCBBD3223E1A0D00CBBAC6 /* HeightBalancedTree.swift */ = {isa = PBXFileReference; lastKnownFileType = sourcecode.swift; path = HeightBalancedTree.swift; sourceTree = "<group>"; };
		DEFCBBD7223E1A2D00CBBAC6 /* HeightBalancedTreeTest.swift */ = {isa = PBXFileReference; lastKnownFileType = sourcecode.swift; path = HeightBalancedTreeTest.swift; sourceTree = "<group>"; };
		DEFCBBDB223F5D4500CBBAC6 /* BSTMaxHeight.swift */ = {isa = PBXFileReference; lastKnownFileType = sourcecode.swift; path = BSTMaxHeight.swift; sourceTree = "<group>"; };
		DEFCBBDF223F5D6700CBBAC6 /* BSTMaxHeightTest.swift */ = {isa = PBXFileReference; lastKnownFileType = sourcecode.swift; path = BSTMaxHeightTest.swift; sourceTree = "<group>"; };
		DEFCBBE3223F5FF600CBBAC6 /* BSTInversion.swift */ = {isa = PBXFileReference; lastKnownFileType = sourcecode.swift; path = BSTInversion.swift; sourceTree = "<group>"; };
		DEFCBBE9223F623400CBBAC6 /* BSTInversionTest.swift */ = {isa = PBXFileReference; lastKnownFileType = sourcecode.swift; path = BSTInversionTest.swift; sourceTree = "<group>"; };
		DEFCBBFD2241A25900CBBAC6 /* FileOpener.swift */ = {isa = PBXFileReference; lastKnownFileType = sourcecode.swift; path = FileOpener.swift; sourceTree = "<group>"; };
		DEFCBC002241A3DF00CBBAC6 /* FileOpenerTest.swift */ = {isa = PBXFileReference; lastKnownFileType = sourcecode.swift; name = FileOpenerTest.swift; path = SwiftCodesTests/swift/file/FileOpenerTest.swift; sourceTree = SOURCE_ROOT; };
		DEFCBC062241A9F000CBBAC6 /* test01.plist */ = {isa = PBXFileReference; lastKnownFileType = text.plist.xml; path = test01.plist; sourceTree = "<group>"; };
		DEFCBC082241AA8300CBBAC6 /* test02.txt */ = {isa = PBXFileReference; fileEncoding = 4; lastKnownFileType = text; path = test02.txt; sourceTree = "<group>"; };
		DEFCBC0C224201D800CBBAC6 /* test03.json */ = {isa = PBXFileReference; fileEncoding = 4; lastKnownFileType = text.json; path = test03.json; sourceTree = "<group>"; };
		DEFCBC0F224205F500CBBAC6 /* test04.json */ = {isa = PBXFileReference; fileEncoding = 4; lastKnownFileType = text.json; path = test04.json; sourceTree = "<group>"; };
		DEFCBC11224226BA00CBBAC6 /* test05.json */ = {isa = PBXFileReference; fileEncoding = 4; lastKnownFileType = text.json; path = test05.json; sourceTree = "<group>"; };
		DEFCBC1322422B0B00CBBAC6 /* test06.json */ = {isa = PBXFileReference; fileEncoding = 4; lastKnownFileType = text.json; path = test06.json; sourceTree = "<group>"; };
/* End PBXFileReference section */

/* Begin PBXFrameworksBuildPhase section */
		DE90054E222B8E5600458081 /* Frameworks */ = {
			isa = PBXFrameworksBuildPhase;
			buildActionMask = 2147483647;
			files = (
			);
			runOnlyForDeploymentPostprocessing = 0;
		};
		DE900557222B8E5600458081 /* Frameworks */ = {
			isa = PBXFrameworksBuildPhase;
			buildActionMask = 2147483647;
			files = (
				DE90055B222B8E5600458081 /* SwiftCodes.framework in Frameworks */,
			);
			runOnlyForDeploymentPostprocessing = 0;
		};
/* End PBXFrameworksBuildPhase section */

/* Begin PBXGroup section */
		DE007956223E09B000E7ACAA /* tree */ = {
			isa = PBXGroup;
			children = (
				DEFCBBE6223F600200CBBAC6 /* bst */,
			);
			path = tree;
			sourceTree = "<group>";
		};
		DE00795B223E0A0600E7ACAA /* tree */ = {
			isa = PBXGroup;
			children = (
				DEFCBBE8223F601600CBBAC6 /* bst */,
			);
			path = tree;
			sourceTree = "<group>";
		};
		DE014D7D2298DF7B00578BB1 /* texts */ = {
			isa = PBXGroup;
			children = (
				DE014D802298DFC200578BB1 /* NumberOfJewelsInStones.swift */,
			);
			path = texts;
			sourceTree = "<group>";
		};
		DE014D7F2298DF8A00578BB1 /* texts */ = {
			isa = PBXGroup;
			children = (
				DE014D822298E42C00578BB1 /* NumberOfJewelsInStonesTest.swift */,
			);
			path = texts;
			sourceTree = "<group>";
		};
		DE3BC6CF2258838C00867EED /* file */ = {
			isa = PBXGroup;
			children = (
				DEFCBC042241A94800CBBAC6 /* resources */,
				DEFCBC002241A3DF00CBBAC6 /* FileOpenerTest.swift */,
			);
			path = file;
			sourceTree = "<group>";
		};
		DE3BC6D1225883C800867EED /* file */ = {
			isa = PBXGroup;
			children = (
				DEFCBBFD2241A25900CBBAC6 /* FileOpener.swift */,
			);
			path = file;
			sourceTree = "<group>";
		};
		DE3BC6D22258860C00867EED /* text */ = {
			isa = PBXGroup;
			children = (
				DE3BC6D722588B0600867EED /* RegexTest.swift */,
			);
			path = text;
			sourceTree = "<group>";
		};
		DE3BC6D3225886A700867EED /* text */ = {
			isa = PBXGroup;
			children = (
				DE3BC6D4225886EC00867EED /* Regex.swift */,
			);
			path = text;
			sourceTree = "<group>";
		};
		DE900547222B8E5600458081 = {
			isa = PBXGroup;
			children = (
				DE900584222B93D200458081 /* SwiftDS.xcodeproj */,
				DE900553222B8E5600458081 /* SwiftCodes */,
				DE90055E222B8E5600458081 /* SwiftCodesTests */,
				DE900552222B8E5600458081 /* Products */,
			);
			sourceTree = "<group>";
		};
		DE900552222B8E5600458081 /* Products */ = {
			isa = PBXGroup;
			children = (
				DE900551222B8E5600458081 /* SwiftCodes.framework */,
				DE90055A222B8E5600458081 /* SwiftCodesTests.xctest */,
			);
			name = Products;
			sourceTree = "<group>";
		};
		DE900553222B8E5600458081 /* SwiftCodes */ = {
			isa = PBXGroup;
			children = (
				DEA79A0E229685F000468823 /* bits */,
				DE90056C222B8EA900458081 /* classics */,
				DE90058F222BA8E500458081 /* dynamic */,
				DEFCBBFB2241A22300CBBAC6 /* swift */,
				DEA79A042296493600468823 /* numbers */,
				DE014D7D2298DF7B00578BB1 /* texts */,
				DE007956223E09B000E7ACAA /* tree */,
				DE900554222B8E5600458081 /* SwiftCodes.h */,
				DE900555222B8E5600458081 /* Info.plist */,
			);
			path = SwiftCodes;
			sourceTree = "<group>";
		};
		DE90055E222B8E5600458081 /* SwiftCodesTests */ = {
			isa = PBXGroup;
			children = (
				DEA79A10229685F900468823 /* bits */,
				DE90056D222B8EB200458081 /* classics */,
				DE900593222BA8F600458081 /* dynamic */,
				DEA79A062296493E00468823 /* numbers */,
				DEFCBBFF2241A3B400CBBAC6 /* swift */,
				DE014D7F2298DF8A00578BB1 /* texts */,
				DE00795B223E0A0600E7ACAA /* tree */,
				DE90055F222B8E5600458081 /* SwiftCodesTests.swift */,
				DE900561222B8E5600458081 /* Info.plist */,
			);
			path = SwiftCodesTests;
			sourceTree = "<group>";
		};
		DE90056C222B8EA900458081 /* classics */ = {
			isa = PBXGroup;
			children = (
				DE900575222B8F9000458081 /* AirportRoute.swift */,
				DE900574222B8F8F00458081 /* FizzBuzz.swift */,
				DE014DA722991B1800578BB1 /* LongestCommonPrefix.swift */,
				DE014D972298F6A400578BB1 /* TopKElements.swift */,
				DE014DA022990B6200578BB1 /* ValidParentheses.swift */,
			);
			path = classics;
			sourceTree = "<group>";
		};
		DE90056D222B8EB200458081 /* classics */ = {
			isa = PBXGroup;
			children = (
				DE900582222B906500458081 /* AirportRouteTest.swift */,
				DE90057C222B8FE200458081 /* FizzBuzzTest.swift */,
				DE014DAB229929AE00578BB1 /* LongestCommonPrefixTest.swift */,
				DE014D9B2298FB4800578BB1 /* TopKElementsTest.swift */,
				DE014DA322990D9600578BB1 /* ValidParenthesesTest.swift */,
			);
			path = classics;
			sourceTree = "<group>";
		};
		DE900585222B93D200458081 /* Products */ = {
			isa = PBXGroup;
			children = (
				DE90058A222B93D200458081 /* SwiftDS.framework */,
				DE90058C222B93D200458081 /* SwiftDSTests.xctest */,
			);
			name = Products;
			sourceTree = "<group>";
		};
		DE90058F222BA8E500458081 /* dynamic */ = {
			isa = PBXGroup;
			children = (
				DE900590222BA8E500458081 /* Fibonacci.swift */,
			);
			path = dynamic;
			sourceTree = "<group>";
		};
		DE900593222BA8F600458081 /* dynamic */ = {
			isa = PBXGroup;
			children = (
				DE900594222BA93600458081 /* FibonacciTest.swift */,
			);
			path = dynamic;
			sourceTree = "<group>";
		};
		DEA79A042296493600468823 /* numbers */ = {
			isa = PBXGroup;
			children = (
				DE014D7622979E9900578BB1 /* DailyTemperatures.swift */,
				DE014D8F2298F50D00578BB1 /* RepeatTwoNArray.swift */,
				DEA79A072296497500468823 /* SingleNumber.swift */,
			);
			path = numbers;
			sourceTree = "<group>";
		};
		DEA79A062296493E00468823 /* numbers */ = {
			isa = PBXGroup;
			children = (
				DE014D792297A1C700578BB1 /* DailyTemperaturesTest.swift */,
				DE014D932298F57000578BB1 /* RepeatTwoNArrayTest.swift */,
				DEA79A0A229649B400468823 /* SingleNumberTest.swift */,
			);
			path = numbers;
			sourceTree = "<group>";
		};
		DEA79A0E229685F000468823 /* bits */ = {
			isa = PBXGroup;
			children = (
				DEA79A112296861400468823 /* NumberToBinary.swift */,
			);
			path = bits;
			sourceTree = "<group>";
		};
		DEA79A10229685F900468823 /* bits */ = {
			isa = PBXGroup;
			children = (
				DEA79A13229687B400468823 /* NumberToBinaryTest.swift */,
			);
			path = bits;
			sourceTree = "<group>";
		};
		DEFCBBE6223F600200CBBAC6 /* bst */ = {
			isa = PBXGroup;
			children = (
				DE007958223E09D100E7ACAA /* AllPaths.swift */,
				DEFCBBE3223F5FF600CBBAC6 /* BSTInversion.swift */,
				DEFCBBDB223F5D4500CBBAC6 /* BSTMaxHeight.swift */,
				DEFCBBD3223E1A0D00CBBAC6 /* HeightBalancedTree.swift */,
			);
			path = bst;
			sourceTree = "<group>";
		};
		DEFCBBE8223F601600CBBAC6 /* bst */ = {
			isa = PBXGroup;
			children = (
				DE00795C223E0A3400E7ACAA /* AllPathsTest.swift */,
				DEFCBBE9223F623400CBBAC6 /* BSTInversionTest.swift */,
				DEFCBBDF223F5D6700CBBAC6 /* BSTMaxHeightTest.swift */,
				DEFCBBD7223E1A2D00CBBAC6 /* HeightBalancedTreeTest.swift */,
			);
			path = bst;
			sourceTree = "<group>";
		};
		DEFCBBFB2241A22300CBBAC6 /* swift */ = {
			isa = PBXGroup;
			children = (
				DE3BC6D1225883C800867EED /* file */,
				DE3BC6D3225886A700867EED /* text */,
			);
			path = swift;
			sourceTree = "<group>";
		};
		DEFCBBFF2241A3B400CBBAC6 /* swift */ = {
			isa = PBXGroup;
			children = (
				DE3BC6CF2258838C00867EED /* file */,
				DE3BC6D22258860C00867EED /* text */,
			);
			path = swift;
			sourceTree = "<group>";
		};
		DEFCBC042241A94800CBBAC6 /* resources */ = {
			isa = PBXGroup;
			children = (
				DEFCBC062241A9F000CBBAC6 /* test01.plist */,
				DEFCBC082241AA8300CBBAC6 /* test02.txt */,
				DEFCBC0C224201D800CBBAC6 /* test03.json */,
				DEFCBC0F224205F500CBBAC6 /* test04.json */,
				DEFCBC11224226BA00CBBAC6 /* test05.json */,
				DEFCBC1322422B0B00CBBAC6 /* test06.json */,
			);
			path = resources;
			sourceTree = "<group>";
		};
/* End PBXGroup section */

/* Begin PBXHeadersBuildPhase section */
		DE90054C222B8E5600458081 /* Headers */ = {
			isa = PBXHeadersBuildPhase;
			buildActionMask = 2147483647;
			files = (
				DE900562222B8E5600458081 /* SwiftCodes.h in Headers */,
			);
			runOnlyForDeploymentPostprocessing = 0;
		};
/* End PBXHeadersBuildPhase section */

/* Begin PBXNativeTarget section */
		DE900550222B8E5600458081 /* SwiftCodes */ = {
			isa = PBXNativeTarget;
			buildConfigurationList = DE900565222B8E5600458081 /* Build configuration list for PBXNativeTarget "SwiftCodes" */;
			buildPhases = (
				DE90054C222B8E5600458081 /* Headers */,
				DE90054D222B8E5600458081 /* Sources */,
				DE90054E222B8E5600458081 /* Frameworks */,
				DE90054F222B8E5600458081 /* Resources */,
			);
			buildRules = (
			);
			dependencies = (
				DE90058E222B941100458081 /* PBXTargetDependency */,
			);
			name = SwiftCodes;
			productName = SwiftCodes;
			productReference = DE900551222B8E5600458081 /* SwiftCodes.framework */;
			productType = "com.apple.product-type.framework";
		};
		DE900559222B8E5600458081 /* SwiftCodesTests */ = {
			isa = PBXNativeTarget;
			buildConfigurationList = DE900568222B8E5600458081 /* Build configuration list for PBXNativeTarget "SwiftCodesTests" */;
			buildPhases = (
				DE900556222B8E5600458081 /* Sources */,
				DE900557222B8E5600458081 /* Frameworks */,
				DE900558222B8E5600458081 /* Resources */,
			);
			buildRules = (
			);
			dependencies = (
				DE90055D222B8E5600458081 /* PBXTargetDependency */,
			);
			name = SwiftCodesTests;
			productName = SwiftCodesTests;
			productReference = DE90055A222B8E5600458081 /* SwiftCodesTests.xctest */;
			productType = "com.apple.product-type.bundle.unit-test";
		};
/* End PBXNativeTarget section */

/* Begin PBXProject section */
		DE900548222B8E5600458081 /* Project object */ = {
			isa = PBXProject;
			attributes = {
				LastSwiftUpdateCheck = 1010;
				LastUpgradeCheck = 1010;
				ORGANIZATIONNAME = kylelearnedthis;
				TargetAttributes = {
					DE900550222B8E5600458081 = {
						CreatedOnToolsVersion = 10.1;
						LastSwiftMigration = 1020;
					};
					DE900559222B8E5600458081 = {
						CreatedOnToolsVersion = 10.1;
						LastSwiftMigration = 1020;
					};
				};
			};
			buildConfigurationList = DE90054B222B8E5600458081 /* Build configuration list for PBXProject "SwiftCodes" */;
			compatibilityVersion = "Xcode 9.3";
			developmentRegion = en;
			hasScannedForEncodings = 0;
			knownRegions = (
				en,
				Base,
			);
			mainGroup = DE900547222B8E5600458081;
			productRefGroup = DE900552222B8E5600458081 /* Products */;
			projectDirPath = "";
			projectReferences = (
				{
					ProductGroup = DE900585222B93D200458081 /* Products */;
					ProjectRef = DE900584222B93D200458081 /* SwiftDS.xcodeproj */;
				},
			);
			projectRoot = "";
			targets = (
				DE900550222B8E5600458081 /* SwiftCodes */,
				DE900559222B8E5600458081 /* SwiftCodesTests */,
			);
		};
/* End PBXProject section */

/* Begin PBXReferenceProxy section */
		DE90058A222B93D200458081 /* SwiftDS.framework */ = {
			isa = PBXReferenceProxy;
			fileType = wrapper.framework;
			path = SwiftDS.framework;
			remoteRef = DE900589222B93D200458081 /* PBXContainerItemProxy */;
			sourceTree = BUILT_PRODUCTS_DIR;
		};
		DE90058C222B93D200458081 /* SwiftDSTests.xctest */ = {
			isa = PBXReferenceProxy;
			fileType = wrapper.cfbundle;
			path = SwiftDSTests.xctest;
			remoteRef = DE90058B222B93D200458081 /* PBXContainerItemProxy */;
			sourceTree = BUILT_PRODUCTS_DIR;
		};
/* End PBXReferenceProxy section */

/* Begin PBXResourcesBuildPhase section */
		DE90054F222B8E5600458081 /* Resources */ = {
			isa = PBXResourcesBuildPhase;
			buildActionMask = 2147483647;
			files = (
			);
			runOnlyForDeploymentPostprocessing = 0;
		};
		DE900558222B8E5600458081 /* Resources */ = {
			isa = PBXResourcesBuildPhase;
			buildActionMask = 2147483647;
			files = (
				DEFCBC092241AA8300CBBAC6 /* test02.txt in Resources */,
				DEFCBC1422422B0B00CBBAC6 /* test06.json in Resources */,
				DEFCBC0E224201D900CBBAC6 /* test03.json in Resources */,
				DEFCBC072241A9F000CBBAC6 /* test01.plist in Resources */,
				DEFCBC12224226BB00CBBAC6 /* test05.json in Resources */,
				DEFCBC10224205F500CBBAC6 /* test04.json in Resources */,
			);
			runOnlyForDeploymentPostprocessing = 0;
		};
/* End PBXResourcesBuildPhase section */

/* Begin PBXSourcesBuildPhase section */
		DE90054D222B8E5600458081 /* Sources */ = {
			isa = PBXSourcesBuildPhase;
			buildActionMask = 2147483647;
			files = (
				DE014D812298DFC200578BB1 /* NumberOfJewelsInStones.swift in Sources */,
				DE900580222B900E00458081 /* AirportRoute.swift in Sources */,
				DEA79A122296861400468823 /* NumberToBinary.swift in Sources */,
				DE014DA122990B6200578BB1 /* ValidParentheses.swift in Sources */,
				DE900581222B900E00458081 /* FizzBuzz.swift in Sources */,
				DEA79A082296497500468823 /* SingleNumber.swift in Sources */,
				DE007959223E09D100E7ACAA /* AllPaths.swift in Sources */,
				DEFCBBE4223F5FF600CBBAC6 /* BSTInversion.swift in Sources */,
				DEFCBBFE2241A25A00CBBAC6 /* FileOpener.swift in Sources */,
				DE3BC6D5225886EC00867EED /* Regex.swift in Sources */,
				DEFCBBDC223F5D4500CBBAC6 /* BSTMaxHeight.swift in Sources */,
				DE014DA822991B1800578BB1 /* LongestCommonPrefix.swift in Sources */,
				DE014D902298F50D00578BB1 /* RepeatTwoNArray.swift in Sources */,
				DEFCBBD4223E1A0D00CBBAC6 /* HeightBalancedTree.swift in Sources */,
				DE014D7722979E9900578BB1 /* DailyTemperatures.swift in Sources */,
				DE900591222BA8E500458081 /* Fibonacci.swift in Sources */,
				DE014D982298F6A400578BB1 /* TopKElements.swift in Sources */,
			);
			runOnlyForDeploymentPostprocessing = 0;
		};
		DE900556222B8E5600458081 /* Sources */ = {
			isa = PBXSourcesBuildPhase;
			buildActionMask = 2147483647;
			files = (
				DE014DAC229929AE00578BB1 /* LongestCommonPrefixTest.swift in Sources */,
				DEFCBBD8223E1A2D00CBBAC6 /* HeightBalancedTreeTest.swift in Sources */,
				DE900560222B8E5600458081 /* SwiftCodesTests.swift in Sources */,
				DE900583222B906500458081 /* AirportRouteTest.swift in Sources */,
				DE014DA222990B6200578BB1 /* ValidParentheses.swift in Sources */,
				DE014D9C2298FB4800578BB1 /* TopKElementsTest.swift in Sources */,
				DE014DA422990D9600578BB1 /* ValidParenthesesTest.swift in Sources */,
				DEFCBBEA223F623400CBBAC6 /* BSTInversionTest.swift in Sources */,
				DEA79A0B229649B400468823 /* SingleNumberTest.swift in Sources */,
				DEFCBC022241A44800CBBAC6 /* FileOpener.swift in Sources */,
				DEA79A14229687B400468823 /* NumberToBinaryTest.swift in Sources */,
				DE3BC6D6225886EC00867EED /* Regex.swift in Sources */,
				DE014DA922991B1800578BB1 /* LongestCommonPrefix.swift in Sources */,
				DEFCBBE7223F600B00CBBAC6 /* BSTInversion.swift in Sources */,
				DE00795D223E0A3400E7ACAA /* AllPathsTest.swift in Sources */,
				DE00795A223E09D100E7ACAA /* AllPaths.swift in Sources */,
				DE014D842298E43900578BB1 /* NumberOfJewelsInStones.swift in Sources */,
				DE014D942298F57000578BB1 /* RepeatTwoNArrayTest.swift in Sources */,
				DE014D7A2297A1C700578BB1 /* DailyTemperaturesTest.swift in Sources */,
				DE014D992298F6A400578BB1 /* TopKElements.swift in Sources */,
				DE900592222BA8E500458081 /* Fibonacci.swift in Sources */,
				DEFCBC012241A3DF00CBBAC6 /* FileOpenerTest.swift in Sources */,
				DE90057E222B900D00458081 /* AirportRoute.swift in Sources */,
				DEA79A092296497500468823 /* SingleNumber.swift in Sources */,
				DEA79A152296880E00468823 /* NumberToBinary.swift in Sources */,
				DE90057D222B8FE200458081 /* FizzBuzzTest.swift in Sources */,
				DE900595222BA93600458081 /* FibonacciTest.swift in Sources */,
				DEFCBBDD223F5D4500CBBAC6 /* BSTMaxHeight.swift in Sources */,
				DEFCBBE0223F5D6700CBBAC6 /* BSTMaxHeightTest.swift in Sources */,
				DE3BC6D822588B0600867EED /* RegexTest.swift in Sources */,
				DE014D832298E42C00578BB1 /* NumberOfJewelsInStonesTest.swift in Sources */,
				DE014D912298F50D00578BB1 /* RepeatTwoNArray.swift in Sources */,
				DEFCBBD5223E1A0D00CBBAC6 /* HeightBalancedTree.swift in Sources */,
				DE014D7822979E9900578BB1 /* DailyTemperatures.swift in Sources */,
				DE90057F222B900D00458081 /* FizzBuzz.swift in Sources */,
			);
			runOnlyForDeploymentPostprocessing = 0;
		};
/* End PBXSourcesBuildPhase section */

/* Begin PBXTargetDependency section */
		DE90055D222B8E5600458081 /* PBXTargetDependency */ = {
			isa = PBXTargetDependency;
			target = DE900550222B8E5600458081 /* SwiftCodes */;
			targetProxy = DE90055C222B8E5600458081 /* PBXContainerItemProxy */;
		};
		DE90058E222B941100458081 /* PBXTargetDependency */ = {
			isa = PBXTargetDependency;
			name = SwiftDS;
			targetProxy = DE90058D222B941100458081 /* PBXContainerItemProxy */;
		};
/* End PBXTargetDependency section */

/* Begin XCBuildConfiguration section */
		DE900563222B8E5600458081 /* Debug */ = {
			isa = XCBuildConfiguration;
			buildSettings = {
				ALWAYS_SEARCH_USER_PATHS = NO;
				CLANG_ANALYZER_NONNULL = YES;
				CLANG_ANALYZER_NUMBER_OBJECT_CONVERSION = YES_AGGRESSIVE;
				CLANG_CXX_LANGUAGE_STANDARD = "gnu++14";
				CLANG_CXX_LIBRARY = "libc++";
				CLANG_ENABLE_MODULES = YES;
				CLANG_ENABLE_OBJC_ARC = YES;
				CLANG_ENABLE_OBJC_WEAK = YES;
				CLANG_WARN_BLOCK_CAPTURE_AUTORELEASING = YES;
				CLANG_WARN_BOOL_CONVERSION = YES;
				CLANG_WARN_COMMA = YES;
				CLANG_WARN_CONSTANT_CONVERSION = YES;
				CLANG_WARN_DEPRECATED_OBJC_IMPLEMENTATIONS = YES;
				CLANG_WARN_DIRECT_OBJC_ISA_USAGE = YES_ERROR;
				CLANG_WARN_DOCUMENTATION_COMMENTS = YES;
				CLANG_WARN_EMPTY_BODY = YES;
				CLANG_WARN_ENUM_CONVERSION = YES;
				CLANG_WARN_INFINITE_RECURSION = YES;
				CLANG_WARN_INT_CONVERSION = YES;
				CLANG_WARN_NON_LITERAL_NULL_CONVERSION = YES;
				CLANG_WARN_OBJC_IMPLICIT_RETAIN_SELF = YES;
				CLANG_WARN_OBJC_LITERAL_CONVERSION = YES;
				CLANG_WARN_OBJC_ROOT_CLASS = YES_ERROR;
				CLANG_WARN_RANGE_LOOP_ANALYSIS = YES;
				CLANG_WARN_STRICT_PROTOTYPES = YES;
				CLANG_WARN_SUSPICIOUS_MOVE = YES;
				CLANG_WARN_UNGUARDED_AVAILABILITY = YES_AGGRESSIVE;
				CLANG_WARN_UNREACHABLE_CODE = YES;
				CLANG_WARN__DUPLICATE_METHOD_MATCH = YES;
				CODE_SIGN_IDENTITY = "-";
				COPY_PHASE_STRIP = NO;
				CURRENT_PROJECT_VERSION = 1;
				DEBUG_INFORMATION_FORMAT = dwarf;
				ENABLE_STRICT_OBJC_MSGSEND = YES;
				ENABLE_TESTABILITY = YES;
				GCC_C_LANGUAGE_STANDARD = gnu11;
				GCC_DYNAMIC_NO_PIC = NO;
				GCC_NO_COMMON_BLOCKS = YES;
				GCC_OPTIMIZATION_LEVEL = 0;
				GCC_PREPROCESSOR_DEFINITIONS = (
					"DEBUG=1",
					"$(inherited)",
				);
				GCC_WARN_64_TO_32_BIT_CONVERSION = YES;
				GCC_WARN_ABOUT_RETURN_TYPE = YES_ERROR;
				GCC_WARN_UNDECLARED_SELECTOR = YES;
				GCC_WARN_UNINITIALIZED_AUTOS = YES_AGGRESSIVE;
				GCC_WARN_UNUSED_FUNCTION = YES;
				GCC_WARN_UNUSED_VARIABLE = YES;
				MACOSX_DEPLOYMENT_TARGET = 10.14;
				MTL_ENABLE_DEBUG_INFO = INCLUDE_SOURCE;
				MTL_FAST_MATH = YES;
				ONLY_ACTIVE_ARCH = YES;
				SDKROOT = macosx;
				SWIFT_ACTIVE_COMPILATION_CONDITIONS = DEBUG;
				SWIFT_OPTIMIZATION_LEVEL = "-Onone";
				VERSIONING_SYSTEM = "apple-generic";
				VERSION_INFO_PREFIX = "";
			};
			name = Debug;
		};
		DE900564222B8E5600458081 /* Release */ = {
			isa = XCBuildConfiguration;
			buildSettings = {
				ALWAYS_SEARCH_USER_PATHS = NO;
				CLANG_ANALYZER_NONNULL = YES;
				CLANG_ANALYZER_NUMBER_OBJECT_CONVERSION = YES_AGGRESSIVE;
				CLANG_CXX_LANGUAGE_STANDARD = "gnu++14";
				CLANG_CXX_LIBRARY = "libc++";
				CLANG_ENABLE_MODULES = YES;
				CLANG_ENABLE_OBJC_ARC = YES;
				CLANG_ENABLE_OBJC_WEAK = YES;
				CLANG_WARN_BLOCK_CAPTURE_AUTORELEASING = YES;
				CLANG_WARN_BOOL_CONVERSION = YES;
				CLANG_WARN_COMMA = YES;
				CLANG_WARN_CONSTANT_CONVERSION = YES;
				CLANG_WARN_DEPRECATED_OBJC_IMPLEMENTATIONS = YES;
				CLANG_WARN_DIRECT_OBJC_ISA_USAGE = YES_ERROR;
				CLANG_WARN_DOCUMENTATION_COMMENTS = YES;
				CLANG_WARN_EMPTY_BODY = YES;
				CLANG_WARN_ENUM_CONVERSION = YES;
				CLANG_WARN_INFINITE_RECURSION = YES;
				CLANG_WARN_INT_CONVERSION = YES;
				CLANG_WARN_NON_LITERAL_NULL_CONVERSION = YES;
				CLANG_WARN_OBJC_IMPLICIT_RETAIN_SELF = YES;
				CLANG_WARN_OBJC_LITERAL_CONVERSION = YES;
				CLANG_WARN_OBJC_ROOT_CLASS = YES_ERROR;
				CLANG_WARN_RANGE_LOOP_ANALYSIS = YES;
				CLANG_WARN_STRICT_PROTOTYPES = YES;
				CLANG_WARN_SUSPICIOUS_MOVE = YES;
				CLANG_WARN_UNGUARDED_AVAILABILITY = YES_AGGRESSIVE;
				CLANG_WARN_UNREACHABLE_CODE = YES;
				CLANG_WARN__DUPLICATE_METHOD_MATCH = YES;
				CODE_SIGN_IDENTITY = "-";
				COPY_PHASE_STRIP = NO;
				CURRENT_PROJECT_VERSION = 1;
				DEBUG_INFORMATION_FORMAT = "dwarf-with-dsym";
				ENABLE_NS_ASSERTIONS = NO;
				ENABLE_STRICT_OBJC_MSGSEND = YES;
				GCC_C_LANGUAGE_STANDARD = gnu11;
				GCC_NO_COMMON_BLOCKS = YES;
				GCC_WARN_64_TO_32_BIT_CONVERSION = YES;
				GCC_WARN_ABOUT_RETURN_TYPE = YES_ERROR;
				GCC_WARN_UNDECLARED_SELECTOR = YES;
				GCC_WARN_UNINITIALIZED_AUTOS = YES_AGGRESSIVE;
				GCC_WARN_UNUSED_FUNCTION = YES;
				GCC_WARN_UNUSED_VARIABLE = YES;
				MACOSX_DEPLOYMENT_TARGET = 10.14;
				MTL_ENABLE_DEBUG_INFO = NO;
				MTL_FAST_MATH = YES;
				SDKROOT = macosx;
				SWIFT_COMPILATION_MODE = wholemodule;
				SWIFT_OPTIMIZATION_LEVEL = "-O";
				VERSIONING_SYSTEM = "apple-generic";
				VERSION_INFO_PREFIX = "";
			};
			name = Release;
		};
		DE900566222B8E5600458081 /* Debug */ = {
			isa = XCBuildConfiguration;
			buildSettings = {
				CLANG_ENABLE_MODULES = YES;
				CODE_SIGN_IDENTITY = "";
				CODE_SIGN_STYLE = Automatic;
				COMBINE_HIDPI_IMAGES = YES;
				DEFINES_MODULE = YES;
				DYLIB_COMPATIBILITY_VERSION = 1;
				DYLIB_CURRENT_VERSION = 1;
				DYLIB_INSTALL_NAME_BASE = "@rpath";
				FRAMEWORK_VERSION = A;
				INFOPLIST_FILE = SwiftCodes/Info.plist;
				INSTALL_PATH = "$(LOCAL_LIBRARY_DIR)/Frameworks";
				LD_RUNPATH_SEARCH_PATHS = (
					"$(inherited)",
					"@executable_path/../Frameworks",
					"@loader_path/Frameworks",
				);
				PRODUCT_BUNDLE_IDENTIFIER = com.albion.SwiftCodes;
				PRODUCT_NAME = "$(TARGET_NAME:c99extidentifier)";
				SKIP_INSTALL = YES;
				SWIFT_OPTIMIZATION_LEVEL = "-Onone";
				SWIFT_VERSION = 5.0;
			};
			name = Debug;
		};
		DE900567222B8E5600458081 /* Release */ = {
			isa = XCBuildConfiguration;
			buildSettings = {
				CLANG_ENABLE_MODULES = YES;
				CODE_SIGN_IDENTITY = "";
				CODE_SIGN_STYLE = Automatic;
				COMBINE_HIDPI_IMAGES = YES;
				DEFINES_MODULE = YES;
				DYLIB_COMPATIBILITY_VERSION = 1;
				DYLIB_CURRENT_VERSION = 1;
				DYLIB_INSTALL_NAME_BASE = "@rpath";
				FRAMEWORK_VERSION = A;
				INFOPLIST_FILE = SwiftCodes/Info.plist;
				INSTALL_PATH = "$(LOCAL_LIBRARY_DIR)/Frameworks";
				LD_RUNPATH_SEARCH_PATHS = (
					"$(inherited)",
					"@executable_path/../Frameworks",
					"@loader_path/Frameworks",
				);
				PRODUCT_BUNDLE_IDENTIFIER = com.albion.SwiftCodes;
				PRODUCT_NAME = "$(TARGET_NAME:c99extidentifier)";
				SKIP_INSTALL = YES;
				SWIFT_VERSION = 5.0;
			};
			name = Release;
		};
		DE900569222B8E5600458081 /* Debug */ = {
			isa = XCBuildConfiguration;
			buildSettings = {
				ALWAYS_EMBED_SWIFT_STANDARD_LIBRARIES = YES;
				CODE_SIGN_STYLE = Automatic;
				COMBINE_HIDPI_IMAGES = YES;
				INFOPLIST_FILE = SwiftCodesTests/Info.plist;
				LD_RUNPATH_SEARCH_PATHS = (
					"$(inherited)",
					"@executable_path/../Frameworks",
					"@loader_path/../Frameworks",
				);
				PRODUCT_BUNDLE_IDENTIFIER = com.albion.SwiftCodesTests;
				PRODUCT_NAME = "$(TARGET_NAME)";
				SWIFT_VERSION = 5.0;
			};
			name = Debug;
		};
		DE90056A222B8E5600458081 /* Release */ = {
			isa = XCBuildConfiguration;
			buildSettings = {
				ALWAYS_EMBED_SWIFT_STANDARD_LIBRARIES = YES;
				CODE_SIGN_STYLE = Automatic;
				COMBINE_HIDPI_IMAGES = YES;
				INFOPLIST_FILE = SwiftCodesTests/Info.plist;
				LD_RUNPATH_SEARCH_PATHS = (
					"$(inherited)",
					"@executable_path/../Frameworks",
					"@loader_path/../Frameworks",
				);
				PRODUCT_BUNDLE_IDENTIFIER = com.albion.SwiftCodesTests;
				PRODUCT_NAME = "$(TARGET_NAME)";
				SWIFT_VERSION = 5.0;
			};
			name = Release;
		};
/* End XCBuildConfiguration section */

/* Begin XCConfigurationList section */
		DE90054B222B8E5600458081 /* Build configuration list for PBXProject "SwiftCodes" */ = {
			isa = XCConfigurationList;
			buildConfigurations = (
				DE900563222B8E5600458081 /* Debug */,
				DE900564222B8E5600458081 /* Release */,
			);
			defaultConfigurationIsVisible = 0;
			defaultConfigurationName = Release;
		};
		DE900565222B8E5600458081 /* Build configuration list for PBXNativeTarget "SwiftCodes" */ = {
			isa = XCConfigurationList;
			buildConfigurations = (
				DE900566222B8E5600458081 /* Debug */,
				DE900567222B8E5600458081 /* Release */,
			);
			defaultConfigurationIsVisible = 0;
			defaultConfigurationName = Release;
		};
		DE900568222B8E5600458081 /* Build configuration list for PBXNativeTarget "SwiftCodesTests" */ = {
			isa = XCConfigurationList;
			buildConfigurations = (
				DE900569222B8E5600458081 /* Debug */,
				DE90056A222B8E5600458081 /* Release */,
			);
			defaultConfigurationIsVisible = 0;
			defaultConfigurationName = Release;
		};
/* End XCConfigurationList section */
	};
	rootObject = DE900548222B8E5600458081 /* Project object */;
}
