// !$*UTF8*$!
{
	archiveVersion = 1;
	classes = {
	};
	objectVersion = 52;
	objects = {

/* Begin PBXBuildFile section */
		DE007959223E09D100E7ACAA /* AllPaths.swift in Sources */ = {isa = PBXBuildFile; fileRef = DE007958223E09D100E7ACAA /* AllPaths.swift */; };
		DE00795A223E09D100E7ACAA /* AllPaths.swift in Sources */ = {isa = PBXBuildFile; fileRef = DE007958223E09D100E7ACAA /* AllPaths.swift */; };
		DE00795D223E0A3400E7ACAA /* AllPathsTest.swift in Sources */ = {isa = PBXBuildFile; fileRef = DE00795C223E0A3400E7ACAA /* AllPathsTest.swift */; };
		DE014D7722979E9900578BB1 /* DailyTemperatures.swift in Sources */ = {isa = PBXBuildFile; fileRef = DE014D7622979E9900578BB1 /* DailyTemperatures.swift */; };
		DE014D7822979E9900578BB1 /* DailyTemperatures.swift in Sources */ = {isa = PBXBuildFile; fileRef = DE014D7622979E9900578BB1 /* DailyTemperatures.swift */; };
		DE014D7A2297A1C700578BB1 /* DailyTemperaturesTest.swift in Sources */ = {isa = PBXBuildFile; fileRef = DE014D792297A1C700578BB1 /* DailyTemperaturesTest.swift */; };
		DE014D812298DFC200578BB1 /* NumberOfJewelsInStones.swift in Sources */ = {isa = PBXBuildFile; fileRef = DE014D802298DFC200578BB1 /* NumberOfJewelsInStones.swift */; };
		DE014D832298E42C00578BB1 /* NumberOfJewelsInStonesTest.swift in Sources */ = {isa = PBXBuildFile; fileRef = DE014D822298E42C00578BB1 /* NumberOfJewelsInStonesTest.swift */; };
		DE014D842298E43900578BB1 /* NumberOfJewelsInStones.swift in Sources */ = {isa = PBXBuildFile; fileRef = DE014D802298DFC200578BB1 /* NumberOfJewelsInStones.swift */; };
		DE014D902298F50D00578BB1 /* RepeatTwoNArray.swift in Sources */ = {isa = PBXBuildFile; fileRef = DE014D8F2298F50D00578BB1 /* RepeatTwoNArray.swift */; };
		DE014D912298F50D00578BB1 /* RepeatTwoNArray.swift in Sources */ = {isa = PBXBuildFile; fileRef = DE014D8F2298F50D00578BB1 /* RepeatTwoNArray.swift */; };
		DE014D942298F57000578BB1 /* RepeatTwoNArrayTest.swift in Sources */ = {isa = PBXBuildFile; fileRef = DE014D932298F57000578BB1 /* RepeatTwoNArrayTest.swift */; };
		DE014D982298F6A400578BB1 /* TopKElements.swift in Sources */ = {isa = PBXBuildFile; fileRef = DE014D972298F6A400578BB1 /* TopKElements.swift */; };
		DE014D992298F6A400578BB1 /* TopKElements.swift in Sources */ = {isa = PBXBuildFile; fileRef = DE014D972298F6A400578BB1 /* TopKElements.swift */; };
		DE014D9C2298FB4800578BB1 /* TopKElementsTest.swift in Sources */ = {isa = PBXBuildFile; fileRef = DE014D9B2298FB4800578BB1 /* TopKElementsTest.swift */; };
		DE014DA122990B6200578BB1 /* ValidParentheses.swift in Sources */ = {isa = PBXBuildFile; fileRef = DE014DA022990B6200578BB1 /* ValidParentheses.swift */; };
		DE014DA222990B6200578BB1 /* ValidParentheses.swift in Sources */ = {isa = PBXBuildFile; fileRef = DE014DA022990B6200578BB1 /* ValidParentheses.swift */; };
		DE014DA422990D9600578BB1 /* ValidParenthesesTest.swift in Sources */ = {isa = PBXBuildFile; fileRef = DE014DA322990D9600578BB1 /* ValidParenthesesTest.swift */; };
		DE014DA822991B1800578BB1 /* LongestCommonPrefix.swift in Sources */ = {isa = PBXBuildFile; fileRef = DE014DA722991B1800578BB1 /* LongestCommonPrefix.swift */; };
		DE014DA922991B1800578BB1 /* LongestCommonPrefix.swift in Sources */ = {isa = PBXBuildFile; fileRef = DE014DA722991B1800578BB1 /* LongestCommonPrefix.swift */; };
		DE014DAC229929AE00578BB1 /* LongestCommonPrefixTest.swift in Sources */ = {isa = PBXBuildFile; fileRef = DE014DAB229929AE00578BB1 /* LongestCommonPrefixTest.swift */; };
		DE014DB322993BC600578BB1 /* BSTPathSum.swift in Sources */ = {isa = PBXBuildFile; fileRef = DE014DB222993BC600578BB1 /* BSTPathSum.swift */; };
		DE014DB422993BC600578BB1 /* BSTPathSum.swift in Sources */ = {isa = PBXBuildFile; fileRef = DE014DB222993BC600578BB1 /* BSTPathSum.swift */; };
		DE014DB72299421300578BB1 /* BSTPathSumTest.swift in Sources */ = {isa = PBXBuildFile; fileRef = DE014DB62299421300578BB1 /* BSTPathSumTest.swift */; };
		DE014DBD229A157900578BB1 /* ListReverse.swift in Sources */ = {isa = PBXBuildFile; fileRef = DE014DBC229A157900578BB1 /* ListReverse.swift */; };
		DE014DBE229A157900578BB1 /* ListReverse.swift in Sources */ = {isa = PBXBuildFile; fileRef = DE014DBC229A157900578BB1 /* ListReverse.swift */; };
		DE014DC1229A1AAA00578BB1 /* ListReverseTest.swift in Sources */ = {isa = PBXBuildFile; fileRef = DE014DC0229A1AAA00578BB1 /* ListReverseTest.swift */; };
		DE014DC9229A3B3200578BB1 /* ExtractNumberSum.swift in Sources */ = {isa = PBXBuildFile; fileRef = DE014DC8229A3B3200578BB1 /* ExtractNumberSum.swift */; };
		DE014DCA229A3B3200578BB1 /* ExtractNumberSum.swift in Sources */ = {isa = PBXBuildFile; fileRef = DE014DC8229A3B3200578BB1 /* ExtractNumberSum.swift */; };
		DE014DCD229A3B8100578BB1 /* ExtractNumberSumTest.swift in Sources */ = {isa = PBXBuildFile; fileRef = DE014DCC229A3B8100578BB1 /* ExtractNumberSumTest.swift */; };
		DE017EA725C6C2110019F718 /* MoneyInLeetcodeBank.swift in Sources */ = {isa = PBXBuildFile; fileRef = DE017EA625C6C2110019F718 /* MoneyInLeetcodeBank.swift */; };
		DE017EA825C6C2110019F718 /* MoneyInLeetcodeBank.swift in Sources */ = {isa = PBXBuildFile; fileRef = DE017EA625C6C2110019F718 /* MoneyInLeetcodeBank.swift */; };
		DE017EAD25C6C2410019F718 /* MoneyInLeetcodeBankTest.swift in Sources */ = {isa = PBXBuildFile; fileRef = DE017EAC25C6C2410019F718 /* MoneyInLeetcodeBankTest.swift */; };
		DE05EB3E25C6AF5200D4C558 /* RankTransformArray.swift in Sources */ = {isa = PBXBuildFile; fileRef = DE05EB3D25C6AF5200D4C558 /* RankTransformArray.swift */; };
		DE05EB3F25C6AF5200D4C558 /* RankTransformArray.swift in Sources */ = {isa = PBXBuildFile; fileRef = DE05EB3D25C6AF5200D4C558 /* RankTransformArray.swift */; };
		DE05EB4625C6B03E00D4C558 /* RankTransformArrayTest.swift in Sources */ = {isa = PBXBuildFile; fileRef = DE05EB4525C6B03E00D4C558 /* RankTransformArrayTest.swift */; };
		DE06034325C953520080F02E /* MergeTwoBSTTest.swift in Sources */ = {isa = PBXBuildFile; fileRef = DE06034225C953520080F02E /* MergeTwoBSTTest.swift */; };
		DE06035725CAAEE60080F02E /* UnivaluedBinaryTree.swift in Sources */ = {isa = PBXBuildFile; fileRef = DE06035625CAAEE60080F02E /* UnivaluedBinaryTree.swift */; };
		DE06035825CAAEE60080F02E /* UnivaluedBinaryTree.swift in Sources */ = {isa = PBXBuildFile; fileRef = DE06035625CAAEE60080F02E /* UnivaluedBinaryTree.swift */; };
		DE06035D25CAB3B90080F02E /* UnivaluedBinaryTreeTest.swift in Sources */ = {isa = PBXBuildFile; fileRef = DE06035C25CAB3B90080F02E /* UnivaluedBinaryTreeTest.swift */; };
		DE06038225CC14E00080F02E /* ThreeColorSorting.swift in Sources */ = {isa = PBXBuildFile; fileRef = DE06038125CC14E00080F02E /* ThreeColorSorting.swift */; };
		DE06038325CC14E00080F02E /* ThreeColorSorting.swift in Sources */ = {isa = PBXBuildFile; fileRef = DE06038125CC14E00080F02E /* ThreeColorSorting.swift */; };
		DE06038A25CC1A2B0080F02E /* ThreeColorSortingTest.swift in Sources */ = {isa = PBXBuildFile; fileRef = DE06038925CC1A2B0080F02E /* ThreeColorSortingTest.swift */; };
		DE06039425CD257B0080F02E /* BSTKthElement.swift in Sources */ = {isa = PBXBuildFile; fileRef = DE06039325CD257B0080F02E /* BSTKthElement.swift */; };
		DE06039525CD257B0080F02E /* BSTKthElement.swift in Sources */ = {isa = PBXBuildFile; fileRef = DE06039325CD257B0080F02E /* BSTKthElement.swift */; };
		DE0603A225CD289B0080F02E /* BSTKthElementTest.swift in Sources */ = {isa = PBXBuildFile; fileRef = DE0603A125CD289B0080F02E /* BSTKthElementTest.swift */; };
		DE0603AF25D3EED50080F02E /* StockTrading.swift in Sources */ = {isa = PBXBuildFile; fileRef = DE0603AE25D3EED50080F02E /* StockTrading.swift */; };
		DE0603B025D3EED50080F02E /* StockTrading.swift in Sources */ = {isa = PBXBuildFile; fileRef = DE0603AE25D3EED50080F02E /* StockTrading.swift */; };
		DE0603BB25D3F1120080F02E /* StockTradingTest.swift in Sources */ = {isa = PBXBuildFile; fileRef = DE0603BA25D3F1120080F02E /* StockTradingTest.swift */; };
		DE14F8F525C94A740048DA2E /* MergeTwoBST.swift in Sources */ = {isa = PBXBuildFile; fileRef = DE14F8F425C94A740048DA2E /* MergeTwoBST.swift */; };
		DE14F8F625C94A740048DA2E /* MergeTwoBST.swift in Sources */ = {isa = PBXBuildFile; fileRef = DE14F8F425C94A740048DA2E /* MergeTwoBST.swift */; };
		DE1D6ADE229CF2810084183F /* OrderedDictionaryExample.swift in Sources */ = {isa = PBXBuildFile; fileRef = DE1D6ADD229CF2810084183F /* OrderedDictionaryExample.swift */; };
		DE1D6ADF229CF2810084183F /* OrderedDictionaryExample.swift in Sources */ = {isa = PBXBuildFile; fileRef = DE1D6ADD229CF2810084183F /* OrderedDictionaryExample.swift */; };
		DE1D6AE2229CF4E00084183F /* OrderedDictionaryExampleTest.swift in Sources */ = {isa = PBXBuildFile; fileRef = DE1D6AE1229CF4E00084183F /* OrderedDictionaryExampleTest.swift */; };
		DE1D6AE5229D04470084183F /* ConvertTypes.swift in Sources */ = {isa = PBXBuildFile; fileRef = DE1D6AE4229D04470084183F /* ConvertTypes.swift */; };
		DE1D6AE6229D04470084183F /* ConvertTypes.swift in Sources */ = {isa = PBXBuildFile; fileRef = DE1D6AE4229D04470084183F /* ConvertTypes.swift */; };
		DE1D6AEE229D04DC0084183F /* ConvertTypesTest.swift in Sources */ = {isa = PBXBuildFile; fileRef = DE1D6AED229D04DC0084183F /* ConvertTypesTest.swift */; };
		DE1D6AF0229D069B0084183F /* SortByMember.swift in Sources */ = {isa = PBXBuildFile; fileRef = DE1D6AEF229D069B0084183F /* SortByMember.swift */; };
		DE1D6AF1229D069B0084183F /* SortByMember.swift in Sources */ = {isa = PBXBuildFile; fileRef = DE1D6AEF229D069B0084183F /* SortByMember.swift */; };
		DE1D6AF3229D09120084183F /* SortByMemberTest.swift in Sources */ = {isa = PBXBuildFile; fileRef = DE1D6AF2229D09120084183F /* SortByMemberTest.swift */; };
		DE1D6AFC229D2C020084183F /* Sound.swift in Sources */ = {isa = PBXBuildFile; fileRef = DE1D6AFB229D2C020084183F /* Sound.swift */; };
		DE1D6AFD229D2C020084183F /* Sound.swift in Sources */ = {isa = PBXBuildFile; fileRef = DE1D6AFB229D2C020084183F /* Sound.swift */; };
		DE1D6AFF229D2C270084183F /* Dog.swift in Sources */ = {isa = PBXBuildFile; fileRef = DE1D6AFE229D2C270084183F /* Dog.swift */; };
		DE1D6B00229D2C270084183F /* Dog.swift in Sources */ = {isa = PBXBuildFile; fileRef = DE1D6AFE229D2C270084183F /* Dog.swift */; };
		DE1D6B02229D2C5C0084183F /* Phone.swift in Sources */ = {isa = PBXBuildFile; fileRef = DE1D6B01229D2C5C0084183F /* Phone.swift */; };
		DE1D6B03229D2C5C0084183F /* Phone.swift in Sources */ = {isa = PBXBuildFile; fileRef = DE1D6B01229D2C5C0084183F /* Phone.swift */; };
		DE1D6B05229D2C8F0084183F /* Cat.swift in Sources */ = {isa = PBXBuildFile; fileRef = DE1D6B04229D2C8F0084183F /* Cat.swift */; };
		DE1D6B06229D2C8F0084183F /* Cat.swift in Sources */ = {isa = PBXBuildFile; fileRef = DE1D6B04229D2C8F0084183F /* Cat.swift */; };
		DE1D6B08229D2CE20084183F /* MakeSoundTest.swift in Sources */ = {isa = PBXBuildFile; fileRef = DE1D6B07229D2CE20084183F /* MakeSoundTest.swift */; };
		DE1D6B0A229D2DDC0084183F /* Car.swift in Sources */ = {isa = PBXBuildFile; fileRef = DE1D6B09229D2DDC0084183F /* Car.swift */; };
		DE1D6B0B229D2DDC0084183F /* Car.swift in Sources */ = {isa = PBXBuildFile; fileRef = DE1D6B09229D2DDC0084183F /* Car.swift */; };
		DE3BC6D5225886EC00867EED /* Regex.swift in Sources */ = {isa = PBXBuildFile; fileRef = DE3BC6D4225886EC00867EED /* Regex.swift */; };
		DE3BC6D6225886EC00867EED /* Regex.swift in Sources */ = {isa = PBXBuildFile; fileRef = DE3BC6D4225886EC00867EED /* Regex.swift */; };
		DE3BC6D822588B0600867EED /* RegexTest.swift in Sources */ = {isa = PBXBuildFile; fileRef = DE3BC6D722588B0600867EED /* RegexTest.swift */; };
		DE412FD123EABF4E001EE75C /* HttpJsonFormat.swift in Sources */ = {isa = PBXBuildFile; fileRef = DE412FD023EABF4E001EE75C /* HttpJsonFormat.swift */; };
		DE412FD223EABF4E001EE75C /* HttpJsonFormat.swift in Sources */ = {isa = PBXBuildFile; fileRef = DE412FD023EABF4E001EE75C /* HttpJsonFormat.swift */; };
		DE412FD423EABF6E001EE75C /* HttpJsonExample.swift in Sources */ = {isa = PBXBuildFile; fileRef = DE412FD323EABF6E001EE75C /* HttpJsonExample.swift */; };
		DE412FD523EABF6E001EE75C /* HttpJsonExample.swift in Sources */ = {isa = PBXBuildFile; fileRef = DE412FD323EABF6E001EE75C /* HttpJsonExample.swift */; };
		DE412FD723EAC067001EE75C /* HttpJsonExampleTest.swift in Sources */ = {isa = PBXBuildFile; fileRef = DE412FD623EAC067001EE75C /* HttpJsonExampleTest.swift */; };
		DE565C9A23EA94C100423707 /* HttpClientExample.swift in Sources */ = {isa = PBXBuildFile; fileRef = DE565C9923EA94C100423707 /* HttpClientExample.swift */; };
		DE565C9B23EA94C100423707 /* HttpClientExample.swift in Sources */ = {isa = PBXBuildFile; fileRef = DE565C9923EA94C100423707 /* HttpClientExample.swift */; };
		DE565C9E23EA94F300423707 /* HttpClientExampleTest.swift in Sources */ = {isa = PBXBuildFile; fileRef = DE565C9D23EA94F300423707 /* HttpClientExampleTest.swift */; };
		DE570055229C96C30053F21A /* MergeSortedArray.swift in Sources */ = {isa = PBXBuildFile; fileRef = DE570054229C96C30053F21A /* MergeSortedArray.swift */; };
		DE570056229C96C30053F21A /* MergeSortedArray.swift in Sources */ = {isa = PBXBuildFile; fileRef = DE570054229C96C30053F21A /* MergeSortedArray.swift */; };
		DE570058229C9A7B0053F21A /* MergeSortedArrayTest.swift in Sources */ = {isa = PBXBuildFile; fileRef = DE570057229C9A7B0053F21A /* MergeSortedArrayTest.swift */; };
		DE578EAE24233E4E00610E9C /* EvenNumberDigits.swift in Sources */ = {isa = PBXBuildFile; fileRef = DE578EAD24233E4E00610E9C /* EvenNumberDigits.swift */; };
		DE578EAF24233E4E00610E9C /* EvenNumberDigits.swift in Sources */ = {isa = PBXBuildFile; fileRef = DE578EAD24233E4E00610E9C /* EvenNumberDigits.swift */; };
		DE578EB124233EB600610E9C /* EvenNumberDigitsTest.swift in Sources */ = {isa = PBXBuildFile; fileRef = DE578EB024233EB600610E9C /* EvenNumberDigitsTest.swift */; };
		DE578EB32423406E00610E9C /* ProductSumDifference.swift in Sources */ = {isa = PBXBuildFile; fileRef = DE578EB22423406E00610E9C /* ProductSumDifference.swift */; };
		DE578EB42423406E00610E9C /* ProductSumDifference.swift in Sources */ = {isa = PBXBuildFile; fileRef = DE578EB22423406E00610E9C /* ProductSumDifference.swift */; };
		DE578EB62423421300610E9C /* ProductSumDifferenceTest.swift in Sources */ = {isa = PBXBuildFile; fileRef = DE578EB52423421200610E9C /* ProductSumDifferenceTest.swift */; };
		DE5CEB4223ED3411008C60CC /* EnvironmentFetch.swift in Sources */ = {isa = PBXBuildFile; fileRef = DE5CEB4123ED3411008C60CC /* EnvironmentFetch.swift */; };
		DE5CEB4323ED3417008C60CC /* EnvironmentFetch.swift in Sources */ = {isa = PBXBuildFile; fileRef = DE5CEB4123ED3411008C60CC /* EnvironmentFetch.swift */; };
		DE5CEB4623ED34FB008C60CC /* EnvironmentFetchTest.swift in Sources */ = {isa = PBXBuildFile; fileRef = DE5CEB4523ED34FB008C60CC /* EnvironmentFetchTest.swift */; };
		DE5F6EED22E7FD95005DF8D0 /* MedianOfTwoSortedArrays.swift in Sources */ = {isa = PBXBuildFile; fileRef = DE5F6EEC22E7FD95005DF8D0 /* MedianOfTwoSortedArrays.swift */; };
		DE5F6EEE22E7FD95005DF8D0 /* MedianOfTwoSortedArrays.swift in Sources */ = {isa = PBXBuildFile; fileRef = DE5F6EEC22E7FD95005DF8D0 /* MedianOfTwoSortedArrays.swift */; };
		DE5F6EF122E800E7005DF8D0 /* MedianOfTwoSortedArraysTest.swift in Sources */ = {isa = PBXBuildFile; fileRef = DE5F6EF022E800E7005DF8D0 /* MedianOfTwoSortedArraysTest.swift */; };
		DE5F6EF522E94D53005DF8D0 /* IPDefanger.swift in Sources */ = {isa = PBXBuildFile; fileRef = DE5F6EF422E94D53005DF8D0 /* IPDefanger.swift */; };
		DE5F6EF622E94D53005DF8D0 /* IPDefanger.swift in Sources */ = {isa = PBXBuildFile; fileRef = DE5F6EF422E94D53005DF8D0 /* IPDefanger.swift */; };
		DE5F6EF922E95D9C005DF8D0 /* IPDefangerTest.swift in Sources */ = {isa = PBXBuildFile; fileRef = DE5F6EF822E95D9C005DF8D0 /* IPDefangerTest.swift */; };
		DE5F6EFD22E994CA005DF8D0 /* DuplicateZeros.swift in Sources */ = {isa = PBXBuildFile; fileRef = DE5F6EFC22E994CA005DF8D0 /* DuplicateZeros.swift */; };
		DE5F6EFE22E994CA005DF8D0 /* DuplicateZeros.swift in Sources */ = {isa = PBXBuildFile; fileRef = DE5F6EFC22E994CA005DF8D0 /* DuplicateZeros.swift */; };
		DE5F6F0122E99517005DF8D0 /* DuplicateZerosTest.swift in Sources */ = {isa = PBXBuildFile; fileRef = DE5F6F0022E99517005DF8D0 /* DuplicateZerosTest.swift */; };
		DE5F6F0522EA9334005DF8D0 /* ReverseOnlyLetters.swift in Sources */ = {isa = PBXBuildFile; fileRef = DE5F6F0422EA9334005DF8D0 /* ReverseOnlyLetters.swift */; };
		DE5F6F0622EA9334005DF8D0 /* ReverseOnlyLetters.swift in Sources */ = {isa = PBXBuildFile; fileRef = DE5F6F0422EA9334005DF8D0 /* ReverseOnlyLetters.swift */; };
		DE5F6F0922EA93F5005DF8D0 /* ReverseOnlyLettersTest.swift in Sources */ = {isa = PBXBuildFile; fileRef = DE5F6F0822EA93F5005DF8D0 /* ReverseOnlyLettersTest.swift */; };
		DE5F6F0D22EAA14D005DF8D0 /* HeightChecker.swift in Sources */ = {isa = PBXBuildFile; fileRef = DE5F6F0C22EAA14C005DF8D0 /* HeightChecker.swift */; };
		DE5F6F0E22EAA14D005DF8D0 /* HeightChecker.swift in Sources */ = {isa = PBXBuildFile; fileRef = DE5F6F0C22EAA14C005DF8D0 /* HeightChecker.swift */; };
		DE5F6F1122EAA1FB005DF8D0 /* HeightCheckerTest.swift in Sources */ = {isa = PBXBuildFile; fileRef = DE5F6F1022EAA1FB005DF8D0 /* HeightCheckerTest.swift */; };
		DE5F6F1B22EC0DEE005DF8D0 /* CharacterExpansion.swift in Sources */ = {isa = PBXBuildFile; fileRef = DE5F6F1A22EC0DEE005DF8D0 /* CharacterExpansion.swift */; };
		DE5F6F1C22EC0DEE005DF8D0 /* CharacterExpansion.swift in Sources */ = {isa = PBXBuildFile; fileRef = DE5F6F1A22EC0DEE005DF8D0 /* CharacterExpansion.swift */; };
		DE5F6F1E22EC1289005DF8D0 /* CharacterExpansionTest.swift in Sources */ = {isa = PBXBuildFile; fileRef = DE5F6F1D22EC1289005DF8D0 /* CharacterExpansionTest.swift */; };
		DE74E188230A871400C2A53E /* Pair.swift in Sources */ = {isa = PBXBuildFile; fileRef = DE74E187230A871400C2A53E /* Pair.swift */; };
		DE74E189230A871400C2A53E /* Pair.swift in Sources */ = {isa = PBXBuildFile; fileRef = DE74E187230A871400C2A53E /* Pair.swift */; };
		DE820456230543C800A2B3C8 /* MappingTransform.swift in Sources */ = {isa = PBXBuildFile; fileRef = DE820455230543C800A2B3C8 /* MappingTransform.swift */; };
		DE820457230543C800A2B3C8 /* MappingTransform.swift in Sources */ = {isa = PBXBuildFile; fileRef = DE820455230543C800A2B3C8 /* MappingTransform.swift */; };
		DE8204592305453800A2B3C8 /* MappingTransformTest.swift in Sources */ = {isa = PBXBuildFile; fileRef = DE8204582305453800A2B3C8 /* MappingTransformTest.swift */; };
		DE82045C23065A7600A2B3C8 /* Person.swift in Sources */ = {isa = PBXBuildFile; fileRef = DE82045B23065A7600A2B3C8 /* Person.swift */; };
		DE82045D23065A7600A2B3C8 /* Person.swift in Sources */ = {isa = PBXBuildFile; fileRef = DE82045B23065A7600A2B3C8 /* Person.swift */; };
		DE90055B222B8E5600458081 /* SwiftCodes.framework in Frameworks */ = {isa = PBXBuildFile; fileRef = DE900551222B8E5600458081 /* SwiftCodes.framework */; };
		DE900560222B8E5600458081 /* SwiftCodesTests.swift in Sources */ = {isa = PBXBuildFile; fileRef = DE90055F222B8E5600458081 /* SwiftCodesTests.swift */; };
		DE900562222B8E5600458081 /* SwiftCodes.h in Headers */ = {isa = PBXBuildFile; fileRef = DE900554222B8E5600458081 /* SwiftCodes.h */; settings = {ATTRIBUTES = (Public, ); }; };
		DE90057D222B8FE200458081 /* FizzBuzzTest.swift in Sources */ = {isa = PBXBuildFile; fileRef = DE90057C222B8FE200458081 /* FizzBuzzTest.swift */; };
		DE90057E222B900D00458081 /* AirportRoute.swift in Sources */ = {isa = PBXBuildFile; fileRef = DE900575222B8F9000458081 /* AirportRoute.swift */; };
		DE90057F222B900D00458081 /* FizzBuzz.swift in Sources */ = {isa = PBXBuildFile; fileRef = DE900574222B8F8F00458081 /* FizzBuzz.swift */; };
		DE900580222B900E00458081 /* AirportRoute.swift in Sources */ = {isa = PBXBuildFile; fileRef = DE900575222B8F9000458081 /* AirportRoute.swift */; };
		DE900581222B900E00458081 /* FizzBuzz.swift in Sources */ = {isa = PBXBuildFile; fileRef = DE900574222B8F8F00458081 /* FizzBuzz.swift */; };
		DE900583222B906500458081 /* AirportRouteTest.swift in Sources */ = {isa = PBXBuildFile; fileRef = DE900582222B906500458081 /* AirportRouteTest.swift */; };
		DE900591222BA8E500458081 /* Fibonacci.swift in Sources */ = {isa = PBXBuildFile; fileRef = DE900590222BA8E500458081 /* Fibonacci.swift */; };
		DE900592222BA8E500458081 /* Fibonacci.swift in Sources */ = {isa = PBXBuildFile; fileRef = DE900590222BA8E500458081 /* Fibonacci.swift */; };
		DE900595222BA93600458081 /* FibonacciTest.swift in Sources */ = {isa = PBXBuildFile; fileRef = DE900594222BA93600458081 /* FibonacciTest.swift */; };
		DE9ED2AF229C608500C3D72B /* StringPractices.swift in Sources */ = {isa = PBXBuildFile; fileRef = DE9ED2AE229C608500C3D72B /* StringPractices.swift */; };
		DE9ED2B0229C608500C3D72B /* StringPractices.swift in Sources */ = {isa = PBXBuildFile; fileRef = DE9ED2AE229C608500C3D72B /* StringPractices.swift */; };
		DE9ED2B5229C619A00C3D72B /* StringPracticesTest.swift in Sources */ = {isa = PBXBuildFile; fileRef = DE9ED2B4229C619A00C3D72B /* StringPracticesTest.swift */; };
		DEA79A082296497500468823 /* SingleNumber.swift in Sources */ = {isa = PBXBuildFile; fileRef = DEA79A072296497500468823 /* SingleNumber.swift */; };
		DEA79A092296497500468823 /* SingleNumber.swift in Sources */ = {isa = PBXBuildFile; fileRef = DEA79A072296497500468823 /* SingleNumber.swift */; };
		DEA79A0B229649B400468823 /* SingleNumberTest.swift in Sources */ = {isa = PBXBuildFile; fileRef = DEA79A0A229649B400468823 /* SingleNumberTest.swift */; };
		DEA79A122296861400468823 /* NumberToBinary.swift in Sources */ = {isa = PBXBuildFile; fileRef = DEA79A112296861400468823 /* NumberToBinary.swift */; };
		DEA79A14229687B400468823 /* NumberToBinaryTest.swift in Sources */ = {isa = PBXBuildFile; fileRef = DEA79A13229687B400468823 /* NumberToBinaryTest.swift */; };
		DEA79A152296880E00468823 /* NumberToBinary.swift in Sources */ = {isa = PBXBuildFile; fileRef = DEA79A112296861400468823 /* NumberToBinary.swift */; };
		DEAAF11223F3F32700537D56 /* BasicCombineExample.swift in Sources */ = {isa = PBXBuildFile; fileRef = DEAAF11123F3F32700537D56 /* BasicCombineExample.swift */; };
		DEAAF11323F3F32700537D56 /* BasicCombineExample.swift in Sources */ = {isa = PBXBuildFile; fileRef = DEAAF11123F3F32700537D56 /* BasicCombineExample.swift */; };
		DEAAF11623F3F5CE00537D56 /* BasicCombineExampleTest.swift in Sources */ = {isa = PBXBuildFile; fileRef = DEAAF11523F3F5CE00537D56 /* BasicCombineExampleTest.swift */; };
		DEB4ED9123965CA600129DBF /* RxSwift in Frameworks */ = {isa = PBXBuildFile; productRef = DEB4ED9023965CA600129DBF /* RxSwift */; };
		DEB4ED9823965D4800129DBF /* RxSwiftExamples.swift in Sources */ = {isa = PBXBuildFile; fileRef = DEB4ED9723965D4800129DBF /* RxSwiftExamples.swift */; };
		DEB4ED9923965D4800129DBF /* RxSwiftExamples.swift in Sources */ = {isa = PBXBuildFile; fileRef = DEB4ED9723965D4800129DBF /* RxSwiftExamples.swift */; };
		DEB4ED9C2396603000129DBF /* RxSwiftExamplesTest.swift in Sources */ = {isa = PBXBuildFile; fileRef = DEB4ED9B2396603000129DBF /* RxSwiftExamplesTest.swift */; };
		DED02A9424A1EE4A009679E1 /* ComputeClosure.swift in Sources */ = {isa = PBXBuildFile; fileRef = DED02A9324A1EE4A009679E1 /* ComputeClosure.swift */; };
		DED02A9524A1EE52009679E1 /* ComputeClosure.swift in Sources */ = {isa = PBXBuildFile; fileRef = DED02A9324A1EE4A009679E1 /* ComputeClosure.swift */; };
		DED02A9724A1F04A009679E1 /* ComputeClosureTest.swift in Sources */ = {isa = PBXBuildFile; fileRef = DED02A9624A1F04A009679E1 /* ComputeClosureTest.swift */; };
		DEDEE1C625C18C7400C1E041 /* RunningSumArray.swift in Sources */ = {isa = PBXBuildFile; fileRef = DEDEE1C525C18C7400C1E041 /* RunningSumArray.swift */; };
		DEDEE1C725C18C7400C1E041 /* RunningSumArray.swift in Sources */ = {isa = PBXBuildFile; fileRef = DEDEE1C525C18C7400C1E041 /* RunningSumArray.swift */; };
		DEDEE1D425C18D4A00C1E041 /* RunningSumArrayTest.swift in Sources */ = {isa = PBXBuildFile; fileRef = DEDEE1D325C18D4A00C1E041 /* RunningSumArrayTest.swift */; };
		DEF6BDE425C7F640004ACDF5 /* RichestCustomerWealth.swift in Sources */ = {isa = PBXBuildFile; fileRef = DEF6BDE325C7F640004ACDF5 /* RichestCustomerWealth.swift */; };
		DEF6BDE525C7F640004ACDF5 /* RichestCustomerWealth.swift in Sources */ = {isa = PBXBuildFile; fileRef = DEF6BDE325C7F640004ACDF5 /* RichestCustomerWealth.swift */; };
		DEF6BDEB25C7F70A004ACDF5 /* RichestCustomerWealthTest.swift in Sources */ = {isa = PBXBuildFile; fileRef = DEF6BDEA25C7F70A004ACDF5 /* RichestCustomerWealthTest.swift */; };
		DEF6BDF525C7F913004ACDF5 /* StringArraysEquivalent.swift in Sources */ = {isa = PBXBuildFile; fileRef = DEF6BDF425C7F913004ACDF5 /* StringArraysEquivalent.swift */; };
		DEF6BDF625C7F913004ACDF5 /* StringArraysEquivalent.swift in Sources */ = {isa = PBXBuildFile; fileRef = DEF6BDF425C7F913004ACDF5 /* StringArraysEquivalent.swift */; };
		DEF6BDFB25C7F949004ACDF5 /* StringArraysEquivalentTest.swift in Sources */ = {isa = PBXBuildFile; fileRef = DEF6BDFA25C7F949004ACDF5 /* StringArraysEquivalentTest.swift */; };
		DEFCBBD4223E1A0D00CBBAC6 /* HeightBalancedTree.swift in Sources */ = {isa = PBXBuildFile; fileRef = DEFCBBD3223E1A0D00CBBAC6 /* HeightBalancedTree.swift */; };
		DEFCBBD5223E1A0D00CBBAC6 /* HeightBalancedTree.swift in Sources */ = {isa = PBXBuildFile; fileRef = DEFCBBD3223E1A0D00CBBAC6 /* HeightBalancedTree.swift */; };
		DEFCBBD8223E1A2D00CBBAC6 /* HeightBalancedTreeTest.swift in Sources */ = {isa = PBXBuildFile; fileRef = DEFCBBD7223E1A2D00CBBAC6 /* HeightBalancedTreeTest.swift */; };
		DEFCBBDC223F5D4500CBBAC6 /* BSTMaxHeight.swift in Sources */ = {isa = PBXBuildFile; fileRef = DEFCBBDB223F5D4500CBBAC6 /* BSTMaxHeight.swift */; };
		DEFCBBDD223F5D4500CBBAC6 /* BSTMaxHeight.swift in Sources */ = {isa = PBXBuildFile; fileRef = DEFCBBDB223F5D4500CBBAC6 /* BSTMaxHeight.swift */; };
		DEFCBBE0223F5D6700CBBAC6 /* BSTMaxHeightTest.swift in Sources */ = {isa = PBXBuildFile; fileRef = DEFCBBDF223F5D6700CBBAC6 /* BSTMaxHeightTest.swift */; };
		DEFCBBE4223F5FF600CBBAC6 /* BSTInversion.swift in Sources */ = {isa = PBXBuildFile; fileRef = DEFCBBE3223F5FF600CBBAC6 /* BSTInversion.swift */; };
		DEFCBBE7223F600B00CBBAC6 /* BSTInversion.swift in Sources */ = {isa = PBXBuildFile; fileRef = DEFCBBE3223F5FF600CBBAC6 /* BSTInversion.swift */; };
		DEFCBBEA223F623400CBBAC6 /* BSTInversionTest.swift in Sources */ = {isa = PBXBuildFile; fileRef = DEFCBBE9223F623400CBBAC6 /* BSTInversionTest.swift */; };
		DEFCBBFE2241A25A00CBBAC6 /* FileOpener.swift in Sources */ = {isa = PBXBuildFile; fileRef = DEFCBBFD2241A25900CBBAC6 /* FileOpener.swift */; };
		DEFCBC012241A3DF00CBBAC6 /* FileOpenerTest.swift in Sources */ = {isa = PBXBuildFile; fileRef = DEFCBC002241A3DF00CBBAC6 /* FileOpenerTest.swift */; };
		DEFCBC022241A44800CBBAC6 /* FileOpener.swift in Sources */ = {isa = PBXBuildFile; fileRef = DEFCBBFD2241A25900CBBAC6 /* FileOpener.swift */; };
		DEFCBC072241A9F000CBBAC6 /* test01.plist in Resources */ = {isa = PBXBuildFile; fileRef = DEFCBC062241A9F000CBBAC6 /* test01.plist */; };
		DEFCBC092241AA8300CBBAC6 /* test02.txt in Resources */ = {isa = PBXBuildFile; fileRef = DEFCBC082241AA8300CBBAC6 /* test02.txt */; };
		DEFCBC0E224201D900CBBAC6 /* test03.json in Resources */ = {isa = PBXBuildFile; fileRef = DEFCBC0C224201D800CBBAC6 /* test03.json */; };
		DEFCBC10224205F500CBBAC6 /* test04.json in Resources */ = {isa = PBXBuildFile; fileRef = DEFCBC0F224205F500CBBAC6 /* test04.json */; };
		DEFCBC12224226BB00CBBAC6 /* test05.json in Resources */ = {isa = PBXBuildFile; fileRef = DEFCBC11224226BA00CBBAC6 /* test05.json */; };
		DEFCBC1422422B0B00CBBAC6 /* test06.json in Resources */ = {isa = PBXBuildFile; fileRef = DEFCBC1322422B0B00CBBAC6 /* test06.json */; };
/* End PBXBuildFile section */

/* Begin PBXContainerItemProxy section */
		DE90055C222B8E5600458081 /* PBXContainerItemProxy */ = {
			isa = PBXContainerItemProxy;
			containerPortal = DE900548222B8E5600458081 /* Project object */;
			proxyType = 1;
			remoteGlobalIDString = DE900550222B8E5600458081;
			remoteInfo = SwiftCodes;
		};
		DE900589222B93D200458081 /* PBXContainerItemProxy */ = {
			isa = PBXContainerItemProxy;
			containerPortal = DE900584222B93D200458081 /* SwiftDS.xcodeproj */;
			proxyType = 2;
			remoteGlobalIDString = DEA1E1F2222349C700835262;
			remoteInfo = SwiftDS;
		};
		DE90058B222B93D200458081 /* PBXContainerItemProxy */ = {
			isa = PBXContainerItemProxy;
			containerPortal = DE900584222B93D200458081 /* SwiftDS.xcodeproj */;
			proxyType = 2;
			remoteGlobalIDString = DEA1E1FB222349C700835262;
			remoteInfo = SwiftDSTests;
		};
		DE90058D222B941100458081 /* PBXContainerItemProxy */ = {
			isa = PBXContainerItemProxy;
			containerPortal = DE900584222B93D200458081 /* SwiftDS.xcodeproj */;
			proxyType = 1;
			remoteGlobalIDString = DEA1E1F1222349C700835262;
			remoteInfo = SwiftDS;
		};
/* End PBXContainerItemProxy section */

/* Begin PBXFileReference section */
		DE007958223E09D100E7ACAA /* AllPaths.swift */ = {isa = PBXFileReference; lastKnownFileType = sourcecode.swift; path = AllPaths.swift; sourceTree = "<group>"; };
		DE00795C223E0A3400E7ACAA /* AllPathsTest.swift */ = {isa = PBXFileReference; lastKnownFileType = sourcecode.swift; name = AllPathsTest.swift; path = SwiftCodesTests/tree/bst/AllPathsTest.swift; sourceTree = SOURCE_ROOT; };
		DE014D7622979E9900578BB1 /* DailyTemperatures.swift */ = {isa = PBXFileReference; lastKnownFileType = sourcecode.swift; path = DailyTemperatures.swift; sourceTree = "<group>"; };
		DE014D792297A1C700578BB1 /* DailyTemperaturesTest.swift */ = {isa = PBXFileReference; lastKnownFileType = sourcecode.swift; path = DailyTemperaturesTest.swift; sourceTree = "<group>"; };
		DE014D802298DFC200578BB1 /* NumberOfJewelsInStones.swift */ = {isa = PBXFileReference; lastKnownFileType = sourcecode.swift; path = NumberOfJewelsInStones.swift; sourceTree = "<group>"; };
		DE014D822298E42C00578BB1 /* NumberOfJewelsInStonesTest.swift */ = {isa = PBXFileReference; lastKnownFileType = sourcecode.swift; name = NumberOfJewelsInStonesTest.swift; path = SwiftCodesTests/texts/NumberOfJewelsInStonesTest.swift; sourceTree = SOURCE_ROOT; };
		DE014D8F2298F50D00578BB1 /* RepeatTwoNArray.swift */ = {isa = PBXFileReference; lastKnownFileType = sourcecode.swift; path = RepeatTwoNArray.swift; sourceTree = "<group>"; };
		DE014D932298F57000578BB1 /* RepeatTwoNArrayTest.swift */ = {isa = PBXFileReference; lastKnownFileType = sourcecode.swift; path = RepeatTwoNArrayTest.swift; sourceTree = "<group>"; };
		DE014D972298F6A400578BB1 /* TopKElements.swift */ = {isa = PBXFileReference; lastKnownFileType = sourcecode.swift; path = TopKElements.swift; sourceTree = "<group>"; };
		DE014D9B2298FB4800578BB1 /* TopKElementsTest.swift */ = {isa = PBXFileReference; lastKnownFileType = sourcecode.swift; name = TopKElementsTest.swift; path = SwiftCodesTests/classics/TopKElementsTest.swift; sourceTree = SOURCE_ROOT; };
		DE014DA022990B6200578BB1 /* ValidParentheses.swift */ = {isa = PBXFileReference; lastKnownFileType = sourcecode.swift; path = ValidParentheses.swift; sourceTree = "<group>"; };
		DE014DA322990D9600578BB1 /* ValidParenthesesTest.swift */ = {isa = PBXFileReference; lastKnownFileType = sourcecode.swift; path = ValidParenthesesTest.swift; sourceTree = "<group>"; };
		DE014DA722991B1800578BB1 /* LongestCommonPrefix.swift */ = {isa = PBXFileReference; lastKnownFileType = sourcecode.swift; path = LongestCommonPrefix.swift; sourceTree = "<group>"; };
		DE014DAB229929AE00578BB1 /* LongestCommonPrefixTest.swift */ = {isa = PBXFileReference; lastKnownFileType = sourcecode.swift; name = LongestCommonPrefixTest.swift; path = SwiftCodesTests/classics/LongestCommonPrefixTest.swift; sourceTree = SOURCE_ROOT; };
		DE014DB222993BC600578BB1 /* BSTPathSum.swift */ = {isa = PBXFileReference; lastKnownFileType = sourcecode.swift; path = BSTPathSum.swift; sourceTree = "<group>"; };
		DE014DB62299421300578BB1 /* BSTPathSumTest.swift */ = {isa = PBXFileReference; lastKnownFileType = sourcecode.swift; path = BSTPathSumTest.swift; sourceTree = "<group>"; };
		DE014DBC229A157900578BB1 /* ListReverse.swift */ = {isa = PBXFileReference; lastKnownFileType = sourcecode.swift; path = ListReverse.swift; sourceTree = "<group>"; };
		DE014DC0229A1AAA00578BB1 /* ListReverseTest.swift */ = {isa = PBXFileReference; lastKnownFileType = sourcecode.swift; name = ListReverseTest.swift; path = SwiftCodesTests/list/ListReverseTest.swift; sourceTree = SOURCE_ROOT; };
		DE014DC8229A3B3200578BB1 /* ExtractNumberSum.swift */ = {isa = PBXFileReference; lastKnownFileType = sourcecode.swift; path = ExtractNumberSum.swift; sourceTree = "<group>"; };
		DE014DCC229A3B8100578BB1 /* ExtractNumberSumTest.swift */ = {isa = PBXFileReference; lastKnownFileType = sourcecode.swift; path = ExtractNumberSumTest.swift; sourceTree = "<group>"; };
		DE017EA625C6C2110019F718 /* MoneyInLeetcodeBank.swift */ = {isa = PBXFileReference; lastKnownFileType = sourcecode.swift; path = MoneyInLeetcodeBank.swift; sourceTree = "<group>"; };
		DE017EAC25C6C2410019F718 /* MoneyInLeetcodeBankTest.swift */ = {isa = PBXFileReference; lastKnownFileType = sourcecode.swift; path = MoneyInLeetcodeBankTest.swift; sourceTree = "<group>"; };
		DE05EB3D25C6AF5200D4C558 /* RankTransformArray.swift */ = {isa = PBXFileReference; lastKnownFileType = sourcecode.swift; path = RankTransformArray.swift; sourceTree = "<group>"; };
		DE05EB4525C6B03E00D4C558 /* RankTransformArrayTest.swift */ = {isa = PBXFileReference; lastKnownFileType = sourcecode.swift; path = RankTransformArrayTest.swift; sourceTree = "<group>"; };
		DE06034225C953520080F02E /* MergeTwoBSTTest.swift */ = {isa = PBXFileReference; lastKnownFileType = sourcecode.swift; path = MergeTwoBSTTest.swift; sourceTree = "<group>"; };
		DE06035625CAAEE60080F02E /* UnivaluedBinaryTree.swift */ = {isa = PBXFileReference; lastKnownFileType = sourcecode.swift; path = UnivaluedBinaryTree.swift; sourceTree = "<group>"; };
		DE06035C25CAB3B90080F02E /* UnivaluedBinaryTreeTest.swift */ = {isa = PBXFileReference; lastKnownFileType = sourcecode.swift; name = UnivaluedBinaryTreeTest.swift; path = SwiftCodesTests/tree/bst/UnivaluedBinaryTreeTest.swift; sourceTree = SOURCE_ROOT; };
		DE06038125CC14E00080F02E /* ThreeColorSorting.swift */ = {isa = PBXFileReference; lastKnownFileType = sourcecode.swift; path = ThreeColorSorting.swift; sourceTree = "<group>"; };
		DE06038925CC1A2B0080F02E /* ThreeColorSortingTest.swift */ = {isa = PBXFileReference; lastKnownFileType = sourcecode.swift; path = ThreeColorSortingTest.swift; sourceTree = "<group>"; };
		DE06039325CD257B0080F02E /* BSTKthElement.swift */ = {isa = PBXFileReference; lastKnownFileType = sourcecode.swift; path = BSTKthElement.swift; sourceTree = "<group>"; };
		DE0603A125CD289B0080F02E /* BSTKthElementTest.swift */ = {isa = PBXFileReference; lastKnownFileType = sourcecode.swift; path = BSTKthElementTest.swift; sourceTree = "<group>"; };
		DE0603AE25D3EED50080F02E /* StockTrading.swift */ = {isa = PBXFileReference; lastKnownFileType = sourcecode.swift; path = StockTrading.swift; sourceTree = "<group>"; };
		DE0603BA25D3F1120080F02E /* StockTradingTest.swift */ = {isa = PBXFileReference; lastKnownFileType = sourcecode.swift; path = StockTradingTest.swift; sourceTree = "<group>"; };
		DE14F8F425C94A740048DA2E /* MergeTwoBST.swift */ = {isa = PBXFileReference; lastKnownFileType = sourcecode.swift; path = MergeTwoBST.swift; sourceTree = "<group>"; };
		DE1D6ADD229CF2810084183F /* OrderedDictionaryExample.swift */ = {isa = PBXFileReference; lastKnownFileType = sourcecode.swift; path = OrderedDictionaryExample.swift; sourceTree = "<group>"; };
		DE1D6AE1229CF4E00084183F /* OrderedDictionaryExampleTest.swift */ = {isa = PBXFileReference; lastKnownFileType = sourcecode.swift; name = OrderedDictionaryExampleTest.swift; path = SwiftCodesTests/swift/collections/OrderedDictionaryExampleTest.swift; sourceTree = SOURCE_ROOT; };
		DE1D6AE4229D04470084183F /* ConvertTypes.swift */ = {isa = PBXFileReference; lastKnownFileType = sourcecode.swift; path = ConvertTypes.swift; sourceTree = "<group>"; };
		DE1D6AED229D04DC0084183F /* ConvertTypesTest.swift */ = {isa = PBXFileReference; lastKnownFileType = sourcecode.swift; path = ConvertTypesTest.swift; sourceTree = "<group>"; };
		DE1D6AEF229D069B0084183F /* SortByMember.swift */ = {isa = PBXFileReference; lastKnownFileType = sourcecode.swift; path = SortByMember.swift; sourceTree = "<group>"; };
		DE1D6AF2229D09120084183F /* SortByMemberTest.swift */ = {isa = PBXFileReference; lastKnownFileType = sourcecode.swift; name = SortByMemberTest.swift; path = SwiftCodesTests/swift/collections/SortByMemberTest.swift; sourceTree = SOURCE_ROOT; };
		DE1D6AFB229D2C020084183F /* Sound.swift */ = {isa = PBXFileReference; lastKnownFileType = sourcecode.swift; path = Sound.swift; sourceTree = "<group>"; };
		DE1D6AFE229D2C270084183F /* Dog.swift */ = {isa = PBXFileReference; lastKnownFileType = sourcecode.swift; path = Dog.swift; sourceTree = "<group>"; };
		DE1D6B01229D2C5C0084183F /* Phone.swift */ = {isa = PBXFileReference; lastKnownFileType = sourcecode.swift; path = Phone.swift; sourceTree = "<group>"; };
		DE1D6B04229D2C8F0084183F /* Cat.swift */ = {isa = PBXFileReference; lastKnownFileType = sourcecode.swift; path = Cat.swift; sourceTree = "<group>"; };
		DE1D6B07229D2CE20084183F /* MakeSoundTest.swift */ = {isa = PBXFileReference; lastKnownFileType = sourcecode.swift; path = MakeSoundTest.swift; sourceTree = "<group>"; };
		DE1D6B09229D2DDC0084183F /* Car.swift */ = {isa = PBXFileReference; lastKnownFileType = sourcecode.swift; path = Car.swift; sourceTree = "<group>"; };
		DE3BC6D4225886EC00867EED /* Regex.swift */ = {isa = PBXFileReference; lastKnownFileType = sourcecode.swift; path = Regex.swift; sourceTree = "<group>"; };
		DE3BC6D722588B0600867EED /* RegexTest.swift */ = {isa = PBXFileReference; lastKnownFileType = sourcecode.swift; name = RegexTest.swift; path = SwiftCodesTests/swift/text/RegexTest.swift; sourceTree = SOURCE_ROOT; };
		DE412FD023EABF4E001EE75C /* HttpJsonFormat.swift */ = {isa = PBXFileReference; lastKnownFileType = sourcecode.swift; path = HttpJsonFormat.swift; sourceTree = "<group>"; };
		DE412FD323EABF6E001EE75C /* HttpJsonExample.swift */ = {isa = PBXFileReference; lastKnownFileType = sourcecode.swift; path = HttpJsonExample.swift; sourceTree = "<group>"; };
		DE412FD623EAC067001EE75C /* HttpJsonExampleTest.swift */ = {isa = PBXFileReference; lastKnownFileType = sourcecode.swift; path = HttpJsonExampleTest.swift; sourceTree = "<group>"; };
		DE565C9923EA94C100423707 /* HttpClientExample.swift */ = {isa = PBXFileReference; lastKnownFileType = sourcecode.swift; path = HttpClientExample.swift; sourceTree = "<group>"; };
		DE565C9D23EA94F300423707 /* HttpClientExampleTest.swift */ = {isa = PBXFileReference; lastKnownFileType = sourcecode.swift; name = HttpClientExampleTest.swift; path = SwiftCodesTests/classics/HttpClientExampleTest.swift; sourceTree = SOURCE_ROOT; };
		DE570054229C96C30053F21A /* MergeSortedArray.swift */ = {isa = PBXFileReference; lastKnownFileType = sourcecode.swift; path = MergeSortedArray.swift; sourceTree = "<group>"; };
		DE570057229C9A7B0053F21A /* MergeSortedArrayTest.swift */ = {isa = PBXFileReference; lastKnownFileType = sourcecode.swift; path = MergeSortedArrayTest.swift; sourceTree = "<group>"; };
		DE578EAD24233E4E00610E9C /* EvenNumberDigits.swift */ = {isa = PBXFileReference; lastKnownFileType = sourcecode.swift; path = EvenNumberDigits.swift; sourceTree = "<group>"; };
		DE578EB024233EB600610E9C /* EvenNumberDigitsTest.swift */ = {isa = PBXFileReference; lastKnownFileType = sourcecode.swift; name = EvenNumberDigitsTest.swift; path = SwiftCodesTests/classics/EvenNumberDigitsTest.swift; sourceTree = SOURCE_ROOT; };
		DE578EB22423406E00610E9C /* ProductSumDifference.swift */ = {isa = PBXFileReference; lastKnownFileType = sourcecode.swift; path = ProductSumDifference.swift; sourceTree = "<group>"; };
		DE578EB52423421200610E9C /* ProductSumDifferenceTest.swift */ = {isa = PBXFileReference; lastKnownFileType = sourcecode.swift; name = ProductSumDifferenceTest.swift; path = SwiftCodesTests/classics/ProductSumDifferenceTest.swift; sourceTree = SOURCE_ROOT; };
		DE5CEB4123ED3411008C60CC /* EnvironmentFetch.swift */ = {isa = PBXFileReference; lastKnownFileType = sourcecode.swift; path = EnvironmentFetch.swift; sourceTree = "<group>"; };
		DE5CEB4523ED34FB008C60CC /* EnvironmentFetchTest.swift */ = {isa = PBXFileReference; lastKnownFileType = sourcecode.swift; name = EnvironmentFetchTest.swift; path = SwiftCodesTests/classics/EnvironmentFetchTest.swift; sourceTree = SOURCE_ROOT; };
		DE5F6EEC22E7FD95005DF8D0 /* MedianOfTwoSortedArrays.swift */ = {isa = PBXFileReference; lastKnownFileType = sourcecode.swift; path = MedianOfTwoSortedArrays.swift; sourceTree = "<group>"; };
		DE5F6EF022E800E7005DF8D0 /* MedianOfTwoSortedArraysTest.swift */ = {isa = PBXFileReference; lastKnownFileType = sourcecode.swift; path = MedianOfTwoSortedArraysTest.swift; sourceTree = "<group>"; };
		DE5F6EF422E94D53005DF8D0 /* IPDefanger.swift */ = {isa = PBXFileReference; lastKnownFileType = sourcecode.swift; path = IPDefanger.swift; sourceTree = "<group>"; };
		DE5F6EF822E95D9C005DF8D0 /* IPDefangerTest.swift */ = {isa = PBXFileReference; lastKnownFileType = sourcecode.swift; path = IPDefangerTest.swift; sourceTree = "<group>"; };
		DE5F6EFC22E994CA005DF8D0 /* DuplicateZeros.swift */ = {isa = PBXFileReference; lastKnownFileType = sourcecode.swift; path = DuplicateZeros.swift; sourceTree = "<group>"; };
		DE5F6F0022E99517005DF8D0 /* DuplicateZerosTest.swift */ = {isa = PBXFileReference; lastKnownFileType = sourcecode.swift; path = DuplicateZerosTest.swift; sourceTree = "<group>"; };
		DE5F6F0422EA9334005DF8D0 /* ReverseOnlyLetters.swift */ = {isa = PBXFileReference; lastKnownFileType = sourcecode.swift; path = ReverseOnlyLetters.swift; sourceTree = "<group>"; };
		DE5F6F0822EA93F5005DF8D0 /* ReverseOnlyLettersTest.swift */ = {isa = PBXFileReference; lastKnownFileType = sourcecode.swift; path = ReverseOnlyLettersTest.swift; sourceTree = "<group>"; };
		DE5F6F0C22EAA14C005DF8D0 /* HeightChecker.swift */ = {isa = PBXFileReference; lastKnownFileType = sourcecode.swift; path = HeightChecker.swift; sourceTree = "<group>"; };
		DE5F6F1022EAA1FB005DF8D0 /* HeightCheckerTest.swift */ = {isa = PBXFileReference; lastKnownFileType = sourcecode.swift; name = HeightCheckerTest.swift; path = SwiftCodesTests/numbers/HeightCheckerTest.swift; sourceTree = SOURCE_ROOT; };
		DE5F6F1A22EC0DEE005DF8D0 /* CharacterExpansion.swift */ = {isa = PBXFileReference; lastKnownFileType = sourcecode.swift; path = CharacterExpansion.swift; sourceTree = "<group>"; };
		DE5F6F1D22EC1289005DF8D0 /* CharacterExpansionTest.swift */ = {isa = PBXFileReference; lastKnownFileType = sourcecode.swift; name = CharacterExpansionTest.swift; path = SwiftCodesTests/texts/CharacterExpansionTest.swift; sourceTree = SOURCE_ROOT; };
		DE74E187230A871400C2A53E /* Pair.swift */ = {isa = PBXFileReference; lastKnownFileType = sourcecode.swift; path = Pair.swift; sourceTree = "<group>"; };
		DE820455230543C800A2B3C8 /* MappingTransform.swift */ = {isa = PBXFileReference; lastKnownFileType = sourcecode.swift; path = MappingTransform.swift; sourceTree = "<group>"; };
		DE8204582305453800A2B3C8 /* MappingTransformTest.swift */ = {isa = PBXFileReference; lastKnownFileType = sourcecode.swift; name = MappingTransformTest.swift; path = SwiftCodesTests/swift/collections/MappingTransformTest.swift; sourceTree = SOURCE_ROOT; };
		DE82045B23065A7600A2B3C8 /* Person.swift */ = {isa = PBXFileReference; lastKnownFileType = sourcecode.swift; path = Person.swift; sourceTree = "<group>"; };
		DE900551222B8E5600458081 /* SwiftCodes.framework */ = {isa = PBXFileReference; explicitFileType = wrapper.framework; includeInIndex = 0; path = SwiftCodes.framework; sourceTree = BUILT_PRODUCTS_DIR; };
		DE900554222B8E5600458081 /* SwiftCodes.h */ = {isa = PBXFileReference; lastKnownFileType = sourcecode.c.h; path = SwiftCodes.h; sourceTree = "<group>"; };
		DE900555222B8E5600458081 /* Info.plist */ = {isa = PBXFileReference; lastKnownFileType = text.plist.xml; path = Info.plist; sourceTree = "<group>"; };
		DE90055A222B8E5600458081 /* SwiftCodesTests.xctest */ = {isa = PBXFileReference; explicitFileType = wrapper.cfbundle; includeInIndex = 0; path = SwiftCodesTests.xctest; sourceTree = BUILT_PRODUCTS_DIR; };
		DE90055F222B8E5600458081 /* SwiftCodesTests.swift */ = {isa = PBXFileReference; lastKnownFileType = sourcecode.swift; path = SwiftCodesTests.swift; sourceTree = "<group>"; };
		DE900561222B8E5600458081 /* Info.plist */ = {isa = PBXFileReference; lastKnownFileType = text.plist.xml; path = Info.plist; sourceTree = "<group>"; };
		DE900574222B8F8F00458081 /* FizzBuzz.swift */ = {isa = PBXFileReference; lastKnownFileType = sourcecode.swift; path = FizzBuzz.swift; sourceTree = "<group>"; };
		DE900575222B8F9000458081 /* AirportRoute.swift */ = {isa = PBXFileReference; lastKnownFileType = sourcecode.swift; path = AirportRoute.swift; sourceTree = "<group>"; };
		DE90057C222B8FE200458081 /* FizzBuzzTest.swift */ = {isa = PBXFileReference; lastKnownFileType = sourcecode.swift; path = FizzBuzzTest.swift; sourceTree = "<group>"; };
		DE900582222B906500458081 /* AirportRouteTest.swift */ = {isa = PBXFileReference; lastKnownFileType = sourcecode.swift; path = AirportRouteTest.swift; sourceTree = "<group>"; };
		DE900584222B93D200458081 /* SwiftDS.xcodeproj */ = {isa = PBXFileReference; lastKnownFileType = "wrapper.pb-project"; name = SwiftDS.xcodeproj; path = ../SwiftDS/SwiftDS.xcodeproj; sourceTree = "<group>"; };
		DE900590222BA8E500458081 /* Fibonacci.swift */ = {isa = PBXFileReference; fileEncoding = 4; lastKnownFileType = sourcecode.swift; path = Fibonacci.swift; sourceTree = "<group>"; };
		DE900594222BA93600458081 /* FibonacciTest.swift */ = {isa = PBXFileReference; lastKnownFileType = sourcecode.swift; name = FibonacciTest.swift; path = SwiftCodesTests/dynamic/FibonacciTest.swift; sourceTree = SOURCE_ROOT; };
		DE9ED2AE229C608500C3D72B /* StringPractices.swift */ = {isa = PBXFileReference; lastKnownFileType = sourcecode.swift; path = StringPractices.swift; sourceTree = "<group>"; };
		DE9ED2B4229C619A00C3D72B /* StringPracticesTest.swift */ = {isa = PBXFileReference; lastKnownFileType = sourcecode.swift; path = StringPracticesTest.swift; sourceTree = "<group>"; };
		DEA79A072296497500468823 /* SingleNumber.swift */ = {isa = PBXFileReference; lastKnownFileType = sourcecode.swift; path = SingleNumber.swift; sourceTree = "<group>"; };
		DEA79A0A229649B400468823 /* SingleNumberTest.swift */ = {isa = PBXFileReference; lastKnownFileType = sourcecode.swift; path = SingleNumberTest.swift; sourceTree = "<group>"; };
		DEA79A112296861400468823 /* NumberToBinary.swift */ = {isa = PBXFileReference; lastKnownFileType = sourcecode.swift; path = NumberToBinary.swift; sourceTree = "<group>"; };
		DEA79A13229687B400468823 /* NumberToBinaryTest.swift */ = {isa = PBXFileReference; lastKnownFileType = sourcecode.swift; name = NumberToBinaryTest.swift; path = SwiftCodesTests/bits/NumberToBinaryTest.swift; sourceTree = SOURCE_ROOT; };
		DEAAF11123F3F32700537D56 /* BasicCombineExample.swift */ = {isa = PBXFileReference; lastKnownFileType = sourcecode.swift; path = BasicCombineExample.swift; sourceTree = "<group>"; };
		DEAAF11523F3F5CE00537D56 /* BasicCombineExampleTest.swift */ = {isa = PBXFileReference; lastKnownFileType = sourcecode.swift; name = BasicCombineExampleTest.swift; path = SwiftCodesTests/classics/BasicCombineExampleTest.swift; sourceTree = SOURCE_ROOT; };
		DEB4ED9723965D4800129DBF /* RxSwiftExamples.swift */ = {isa = PBXFileReference; lastKnownFileType = sourcecode.swift; path = RxSwiftExamples.swift; sourceTree = "<group>"; };
		DEB4ED9B2396603000129DBF /* RxSwiftExamplesTest.swift */ = {isa = PBXFileReference; lastKnownFileType = sourcecode.swift; name = RxSwiftExamplesTest.swift; path = SwiftCodesTests/reactivex/RxSwiftExamplesTest.swift; sourceTree = SOURCE_ROOT; };
		DED02A9324A1EE4A009679E1 /* ComputeClosure.swift */ = {isa = PBXFileReference; lastKnownFileType = sourcecode.swift; path = ComputeClosure.swift; sourceTree = "<group>"; };
		DED02A9624A1F04A009679E1 /* ComputeClosureTest.swift */ = {isa = PBXFileReference; lastKnownFileType = sourcecode.swift; path = ComputeClosureTest.swift; sourceTree = "<group>"; };
		DEDEE1C525C18C7400C1E041 /* RunningSumArray.swift */ = {isa = PBXFileReference; lastKnownFileType = sourcecode.swift; path = RunningSumArray.swift; sourceTree = "<group>"; };
		DEDEE1D325C18D4A00C1E041 /* RunningSumArrayTest.swift */ = {isa = PBXFileReference; lastKnownFileType = sourcecode.swift; path = RunningSumArrayTest.swift; sourceTree = "<group>"; };
		DEF6BDE325C7F640004ACDF5 /* RichestCustomerWealth.swift */ = {isa = PBXFileReference; lastKnownFileType = sourcecode.swift; path = RichestCustomerWealth.swift; sourceTree = "<group>"; };
		DEF6BDEA25C7F70A004ACDF5 /* RichestCustomerWealthTest.swift */ = {isa = PBXFileReference; lastKnownFileType = sourcecode.swift; path = RichestCustomerWealthTest.swift; sourceTree = "<group>"; };
		DEF6BDF425C7F913004ACDF5 /* StringArraysEquivalent.swift */ = {isa = PBXFileReference; lastKnownFileType = sourcecode.swift; path = StringArraysEquivalent.swift; sourceTree = "<group>"; };
		DEF6BDFA25C7F949004ACDF5 /* StringArraysEquivalentTest.swift */ = {isa = PBXFileReference; lastKnownFileType = sourcecode.swift; name = StringArraysEquivalentTest.swift; path = SwiftCodesTests/texts/StringArraysEquivalentTest.swift; sourceTree = SOURCE_ROOT; };
		DEFCBBD3223E1A0D00CBBAC6 /* HeightBalancedTree.swift */ = {isa = PBXFileReference; lastKnownFileType = sourcecode.swift; path = HeightBalancedTree.swift; sourceTree = "<group>"; };
		DEFCBBD7223E1A2D00CBBAC6 /* HeightBalancedTreeTest.swift */ = {isa = PBXFileReference; lastKnownFileType = sourcecode.swift; path = HeightBalancedTreeTest.swift; sourceTree = "<group>"; };
		DEFCBBDB223F5D4500CBBAC6 /* BSTMaxHeight.swift */ = {isa = PBXFileReference; lastKnownFileType = sourcecode.swift; path = BSTMaxHeight.swift; sourceTree = "<group>"; };
		DEFCBBDF223F5D6700CBBAC6 /* BSTMaxHeightTest.swift */ = {isa = PBXFileReference; lastKnownFileType = sourcecode.swift; path = BSTMaxHeightTest.swift; sourceTree = "<group>"; };
		DEFCBBE3223F5FF600CBBAC6 /* BSTInversion.swift */ = {isa = PBXFileReference; lastKnownFileType = sourcecode.swift; path = BSTInversion.swift; sourceTree = "<group>"; };
		DEFCBBE9223F623400CBBAC6 /* BSTInversionTest.swift */ = {isa = PBXFileReference; lastKnownFileType = sourcecode.swift; path = BSTInversionTest.swift; sourceTree = "<group>"; };
		DEFCBBFD2241A25900CBBAC6 /* FileOpener.swift */ = {isa = PBXFileReference; lastKnownFileType = sourcecode.swift; path = FileOpener.swift; sourceTree = "<group>"; };
		DEFCBC002241A3DF00CBBAC6 /* FileOpenerTest.swift */ = {isa = PBXFileReference; lastKnownFileType = sourcecode.swift; name = FileOpenerTest.swift; path = SwiftCodesTests/swift/file/FileOpenerTest.swift; sourceTree = SOURCE_ROOT; };
		DEFCBC062241A9F000CBBAC6 /* test01.plist */ = {isa = PBXFileReference; lastKnownFileType = text.plist.xml; path = test01.plist; sourceTree = "<group>"; };
		DEFCBC082241AA8300CBBAC6 /* test02.txt */ = {isa = PBXFileReference; fileEncoding = 4; lastKnownFileType = text; path = test02.txt; sourceTree = "<group>"; };
		DEFCBC0C224201D800CBBAC6 /* test03.json */ = {isa = PBXFileReference; fileEncoding = 4; lastKnownFileType = text.json; path = test03.json; sourceTree = "<group>"; };
		DEFCBC0F224205F500CBBAC6 /* test04.json */ = {isa = PBXFileReference; fileEncoding = 4; lastKnownFileType = text.json; path = test04.json; sourceTree = "<group>"; };
		DEFCBC11224226BA00CBBAC6 /* test05.json */ = {isa = PBXFileReference; fileEncoding = 4; lastKnownFileType = text.json; path = test05.json; sourceTree = "<group>"; };
		DEFCBC1322422B0B00CBBAC6 /* test06.json */ = {isa = PBXFileReference; fileEncoding = 4; lastKnownFileType = text.json; path = test06.json; sourceTree = "<group>"; };
/* End PBXFileReference section */

/* Begin PBXFrameworksBuildPhase section */
		DE90054E222B8E5600458081 /* Frameworks */ = {
			isa = PBXFrameworksBuildPhase;
			buildActionMask = 2147483647;
			files = (
				DEB4ED9123965CA600129DBF /* RxSwift in Frameworks */,
			);
			runOnlyForDeploymentPostprocessing = 0;
		};
		DE900557222B8E5600458081 /* Frameworks */ = {
			isa = PBXFrameworksBuildPhase;
			buildActionMask = 2147483647;
			files = (
				DE90055B222B8E5600458081 /* SwiftCodes.framework in Frameworks */,
			);
			runOnlyForDeploymentPostprocessing = 0;
		};
/* End PBXFrameworksBuildPhase section */

/* Begin PBXGroup section */
		DE007956223E09B000E7ACAA /* tree */ = {
			isa = PBXGroup;
			children = (
				DEFCBBE6223F600200CBBAC6 /* bst */,
			);
			path = tree;
			sourceTree = "<group>";
		};
		DE00795B223E0A0600E7ACAA /* tree */ = {
			isa = PBXGroup;
			children = (
				DEFCBBE8223F601600CBBAC6 /* bst */,
			);
			path = tree;
			sourceTree = "<group>";
		};
		DE014D7D2298DF7B00578BB1 /* texts */ = {
			isa = PBXGroup;
			children = (
				DE5F6F1A22EC0DEE005DF8D0 /* CharacterExpansion.swift */,
				DE014DC8229A3B3200578BB1 /* ExtractNumberSum.swift */,
				DE5F6EF422E94D53005DF8D0 /* IPDefanger.swift */,
				DE014D802298DFC200578BB1 /* NumberOfJewelsInStones.swift */,
				DE5F6F0422EA9334005DF8D0 /* ReverseOnlyLetters.swift */,
				DEF6BDF425C7F913004ACDF5 /* StringArraysEquivalent.swift */,
				DE9ED2AE229C608500C3D72B /* StringPractices.swift */,
			);
			path = texts;
			sourceTree = "<group>";
		};
		DE014D7F2298DF8A00578BB1 /* texts */ = {
			isa = PBXGroup;
			children = (
				DE5F6F1D22EC1289005DF8D0 /* CharacterExpansionTest.swift */,
				DE014DCC229A3B8100578BB1 /* ExtractNumberSumTest.swift */,
				DE5F6EF822E95D9C005DF8D0 /* IPDefangerTest.swift */,
				DE014D822298E42C00578BB1 /* NumberOfJewelsInStonesTest.swift */,
				DE5F6F0822EA93F5005DF8D0 /* ReverseOnlyLettersTest.swift */,
				DEF6BDFA25C7F949004ACDF5 /* StringArraysEquivalentTest.swift */,
				DE9ED2B4229C619A00C3D72B /* StringPracticesTest.swift */,
			);
			path = texts;
			sourceTree = "<group>";
		};
		DE014DBA229A154A00578BB1 /* list */ = {
			isa = PBXGroup;
			children = (
				DE014DBC229A157900578BB1 /* ListReverse.swift */,
			);
			path = list;
			sourceTree = "<group>";
		};
		DE014DBF229A158000578BB1 /* list */ = {
			isa = PBXGroup;
			children = (
				DE014DC0229A1AAA00578BB1 /* ListReverseTest.swift */,
			);
			path = list;
			sourceTree = "<group>";
		};
		DE1D6ADC229CF24F0084183F /* collections */ = {
			isa = PBXGroup;
			children = (
				DE820455230543C800A2B3C8 /* MappingTransform.swift */,
				DE1D6ADD229CF2810084183F /* OrderedDictionaryExample.swift */,
				DE1D6AEF229D069B0084183F /* SortByMember.swift */,
			);
			path = collections;
			sourceTree = "<group>";
		};
		DE1D6AE0229CF4A60084183F /* collections */ = {
			isa = PBXGroup;
			children = (
				DE8204582305453800A2B3C8 /* MappingTransformTest.swift */,
				DE1D6AE1229CF4E00084183F /* OrderedDictionaryExampleTest.swift */,
				DE1D6AF2229D09120084183F /* SortByMemberTest.swift */,
			);
			path = collections;
			sourceTree = "<group>";
		};
		DE1D6AE3229D042F0084183F /* conversion */ = {
			isa = PBXGroup;
			children = (
				DE1D6AE4229D04470084183F /* ConvertTypes.swift */,
			);
			path = conversion;
			sourceTree = "<group>";
		};
		DE1D6AEB229D04BF0084183F /* conversion */ = {
			isa = PBXGroup;
			children = (
				DE1D6AED229D04DC0084183F /* ConvertTypesTest.swift */,
			);
			path = conversion;
			sourceTree = "<group>";
		};
		DE1D6AF6229D2BB70084183F /* object */ = {
			isa = PBXGroup;
			children = (
				DE1D6AF8229D2BCC0084183F /* classes */,
			);
			path = object;
			sourceTree = "<group>";
		};
		DE1D6AF8229D2BCC0084183F /* classes */ = {
			isa = PBXGroup;
			children = (
				DE82045F23065C4B00A2B3C8 /* data */,
				DE82045E23065C3900A2B3C8 /* protocol */,
			);
			path = classes;
			sourceTree = "<group>";
		};
		DE1D6AF9229D2BDA0084183F /* object */ = {
			isa = PBXGroup;
			children = (
				DE1D6AFA229D2BE10084183F /* classes */,
			);
			path = object;
			sourceTree = "<group>";
		};
		DE1D6AFA229D2BE10084183F /* classes */ = {
			isa = PBXGroup;
			children = (
				DE1D6B07229D2CE20084183F /* MakeSoundTest.swift */,
			);
			path = classes;
			sourceTree = "<group>";
		};
		DE3BC6CF2258838C00867EED /* file */ = {
			isa = PBXGroup;
			children = (
				DEFCBC042241A94800CBBAC6 /* resources */,
				DEFCBC002241A3DF00CBBAC6 /* FileOpenerTest.swift */,
			);
			path = file;
			sourceTree = "<group>";
		};
		DE3BC6D1225883C800867EED /* file */ = {
			isa = PBXGroup;
			children = (
				DEFCBBFD2241A25900CBBAC6 /* FileOpener.swift */,
			);
			path = file;
			sourceTree = "<group>";
		};
		DE3BC6D22258860C00867EED /* text */ = {
			isa = PBXGroup;
			children = (
				DE3BC6D722588B0600867EED /* RegexTest.swift */,
			);
			path = text;
			sourceTree = "<group>";
		};
		DE3BC6D3225886A700867EED /* text */ = {
			isa = PBXGroup;
			children = (
				DE3BC6D4225886EC00867EED /* Regex.swift */,
			);
			path = text;
			sourceTree = "<group>";
		};
		DE565C9823EA949F00423707 /* network */ = {
			isa = PBXGroup;
			children = (
				DE565C9923EA94C100423707 /* HttpClientExample.swift */,
				DE412FD323EABF6E001EE75C /* HttpJsonExample.swift */,
				DE412FD023EABF4E001EE75C /* HttpJsonFormat.swift */,
			);
			path = network;
			sourceTree = "<group>";
		};
		DE565C9C23EA94CB00423707 /* network */ = {
			isa = PBXGroup;
			children = (
				DE565C9D23EA94F300423707 /* HttpClientExampleTest.swift */,
				DE412FD623EAC067001EE75C /* HttpJsonExampleTest.swift */,
			);
			path = network;
			sourceTree = "<group>";
		};
		DE5CEB3F23ED33EC008C60CC /* system */ = {
			isa = PBXGroup;
			children = (
				DE5CEB4123ED3411008C60CC /* EnvironmentFetch.swift */,
			);
			path = system;
			sourceTree = "<group>";
		};
		DE5CEB4423ED34E3008C60CC /* system */ = {
			isa = PBXGroup;
			children = (
				DE5CEB4523ED34FB008C60CC /* EnvironmentFetchTest.swift */,
			);
			path = system;
			sourceTree = "<group>";
		};
		DE82045E23065C3900A2B3C8 /* protocol */ = {
			isa = PBXGroup;
			children = (
				DE1D6B09229D2DDC0084183F /* Car.swift */,
				DE1D6B04229D2C8F0084183F /* Cat.swift */,
				DE1D6AFE229D2C270084183F /* Dog.swift */,
				DE1D6B01229D2C5C0084183F /* Phone.swift */,
				DE1D6AFB229D2C020084183F /* Sound.swift */,
			);
			path = protocol;
			sourceTree = "<group>";
		};
		DE82045F23065C4B00A2B3C8 /* data */ = {
			isa = PBXGroup;
			children = (
				DE74E187230A871400C2A53E /* Pair.swift */,
				DE82045B23065A7600A2B3C8 /* Person.swift */,
			);
			path = data;
			sourceTree = "<group>";
		};
		DE900547222B8E5600458081 = {
			isa = PBXGroup;
			children = (
				DE900584222B93D200458081 /* SwiftDS.xcodeproj */,
				DE900553222B8E5600458081 /* SwiftCodes */,
				DE90055E222B8E5600458081 /* SwiftCodesTests */,
				DE900552222B8E5600458081 /* Products */,
			);
			sourceTree = "<group>";
		};
		DE900552222B8E5600458081 /* Products */ = {
			isa = PBXGroup;
			children = (
				DE900551222B8E5600458081 /* SwiftCodes.framework */,
				DE90055A222B8E5600458081 /* SwiftCodesTests.xctest */,
			);
			name = Products;
			sourceTree = "<group>";
		};
		DE900553222B8E5600458081 /* SwiftCodes */ = {
			isa = PBXGroup;
			children = (
				DEA79A0E229685F000468823 /* bits */,
				DE90056C222B8EA900458081 /* classics */,
				DE90058F222BA8E500458081 /* dynamic */,
				DE014DBA229A154A00578BB1 /* list */,
				DEFCBBFB2241A22300CBBAC6 /* swift */,
				DEA79A042296493600468823 /* numbers */,
				DEB4ED9323965CEA00129DBF /* reactivex */,
				DE014D7D2298DF7B00578BB1 /* texts */,
				DE007956223E09B000E7ACAA /* tree */,
				DE900554222B8E5600458081 /* SwiftCodes.h */,
				DE900555222B8E5600458081 /* Info.plist */,
			);
			path = SwiftCodes;
			sourceTree = "<group>";
		};
		DE90055E222B8E5600458081 /* SwiftCodesTests */ = {
			isa = PBXGroup;
			children = (
				DEA79A10229685F900468823 /* bits */,
				DE90056D222B8EB200458081 /* classics */,
				DE900593222BA8F600458081 /* dynamic */,
				DE014DBF229A158000578BB1 /* list */,
				DEA79A062296493E00468823 /* numbers */,
				DEFCBBFF2241A3B400CBBAC6 /* swift */,
				DEB4ED9A23965D5300129DBF /* reactivex */,
				DE014D7F2298DF8A00578BB1 /* texts */,
				DE00795B223E0A0600E7ACAA /* tree */,
				DE90055F222B8E5600458081 /* SwiftCodesTests.swift */,
				DE900561222B8E5600458081 /* Info.plist */,
			);
			path = SwiftCodesTests;
			sourceTree = "<group>";
		};
		DE90056C222B8EA900458081 /* classics */ = {
			isa = PBXGroup;
			children = (
				DE900575222B8F9000458081 /* AirportRoute.swift */,
				DE900574222B8F8F00458081 /* FizzBuzz.swift */,
				DE014DA722991B1800578BB1 /* LongestCommonPrefix.swift */,
				DE0603AE25D3EED50080F02E /* StockTrading.swift */,
				DE06038125CC14E00080F02E /* ThreeColorSorting.swift */,
				DE014D972298F6A400578BB1 /* TopKElements.swift */,
				DE014DA022990B6200578BB1 /* ValidParentheses.swift */,
			);
			path = classics;
			sourceTree = "<group>";
		};
		DE90056D222B8EB200458081 /* classics */ = {
			isa = PBXGroup;
			children = (
				DE900582222B906500458081 /* AirportRouteTest.swift */,
				DE90057C222B8FE200458081 /* FizzBuzzTest.swift */,
				DE014DAB229929AE00578BB1 /* LongestCommonPrefixTest.swift */,
				DE0603BA25D3F1120080F02E /* StockTradingTest.swift */,
				DE06038925CC1A2B0080F02E /* ThreeColorSortingTest.swift */,
				DE014D9B2298FB4800578BB1 /* TopKElementsTest.swift */,
				DE014DA322990D9600578BB1 /* ValidParenthesesTest.swift */,
			);
			path = classics;
			sourceTree = "<group>";
		};
		DE900585222B93D200458081 /* Products */ = {
			isa = PBXGroup;
			children = (
				DE90058A222B93D200458081 /* SwiftDS.framework */,
				DE90058C222B93D200458081 /* SwiftDSTests.xctest */,
			);
			name = Products;
			sourceTree = "<group>";
		};
		DE90058F222BA8E500458081 /* dynamic */ = {
			isa = PBXGroup;
			children = (
				DE900590222BA8E500458081 /* Fibonacci.swift */,
			);
			path = dynamic;
			sourceTree = "<group>";
		};
		DE900593222BA8F600458081 /* dynamic */ = {
			isa = PBXGroup;
			children = (
				DE900594222BA93600458081 /* FibonacciTest.swift */,
			);
			path = dynamic;
			sourceTree = "<group>";
		};
		DEA79A042296493600468823 /* numbers */ = {
			isa = PBXGroup;
			children = (
				DE014D7622979E9900578BB1 /* DailyTemperatures.swift */,
				DE5F6EFC22E994CA005DF8D0 /* DuplicateZeros.swift */,
				DE578EAD24233E4E00610E9C /* EvenNumberDigits.swift */,
				DE5F6F0C22EAA14C005DF8D0 /* HeightChecker.swift */,
				DE5F6EEC22E7FD95005DF8D0 /* MedianOfTwoSortedArrays.swift */,
				DE570054229C96C30053F21A /* MergeSortedArray.swift */,
				DE017EA625C6C2110019F718 /* MoneyInLeetcodeBank.swift */,
				DE578EB22423406E00610E9C /* ProductSumDifference.swift */,
				DE05EB3D25C6AF5200D4C558 /* RankTransformArray.swift */,
				DE014D8F2298F50D00578BB1 /* RepeatTwoNArray.swift */,
				DEF6BDE325C7F640004ACDF5 /* RichestCustomerWealth.swift */,
				DEDEE1C525C18C7400C1E041 /* RunningSumArray.swift */,
				DEA79A072296497500468823 /* SingleNumber.swift */,
			);
			path = numbers;
			sourceTree = "<group>";
		};
		DEA79A062296493E00468823 /* numbers */ = {
			isa = PBXGroup;
			children = (
				DE014D792297A1C700578BB1 /* DailyTemperaturesTest.swift */,
				DE5F6F0022E99517005DF8D0 /* DuplicateZerosTest.swift */,
				DE578EB024233EB600610E9C /* EvenNumberDigitsTest.swift */,
				DE5F6F1022EAA1FB005DF8D0 /* HeightCheckerTest.swift */,
				DE5F6EF022E800E7005DF8D0 /* MedianOfTwoSortedArraysTest.swift */,
				DE570057229C9A7B0053F21A /* MergeSortedArrayTest.swift */,
				DE017EAC25C6C2410019F718 /* MoneyInLeetcodeBankTest.swift */,
				DE578EB52423421200610E9C /* ProductSumDifferenceTest.swift */,
				DE05EB4525C6B03E00D4C558 /* RankTransformArrayTest.swift */,
				DE014D932298F57000578BB1 /* RepeatTwoNArrayTest.swift */,
				DEF6BDEA25C7F70A004ACDF5 /* RichestCustomerWealthTest.swift */,
				DEDEE1D325C18D4A00C1E041 /* RunningSumArrayTest.swift */,
				DEA79A0A229649B400468823 /* SingleNumberTest.swift */,
			);
			path = numbers;
			sourceTree = "<group>";
		};
		DEA79A0E229685F000468823 /* bits */ = {
			isa = PBXGroup;
			children = (
				DEA79A112296861400468823 /* NumberToBinary.swift */,
			);
			path = bits;
			sourceTree = "<group>";
		};
		DEA79A10229685F900468823 /* bits */ = {
			isa = PBXGroup;
			children = (
				DEA79A13229687B400468823 /* NumberToBinaryTest.swift */,
			);
			path = bits;
			sourceTree = "<group>";
		};
		DEAAF10F23F3F2FF00537D56 /* combine */ = {
			isa = PBXGroup;
			children = (
				DEAAF11123F3F32700537D56 /* BasicCombineExample.swift */,
			);
			path = combine;
			sourceTree = "<group>";
		};
		DEAAF11423F3F47F00537D56 /* combine */ = {
			isa = PBXGroup;
			children = (
				DEAAF11523F3F5CE00537D56 /* BasicCombineExampleTest.swift */,
			);
			path = combine;
			sourceTree = "<group>";
		};
		DEB4ED9323965CEA00129DBF /* reactivex */ = {
			isa = PBXGroup;
			children = (
				DEB4ED9723965D4800129DBF /* RxSwiftExamples.swift */,
			);
			path = reactivex;
			sourceTree = "<group>";
		};
		DEB4ED9A23965D5300129DBF /* reactivex */ = {
			isa = PBXGroup;
			children = (
				DEB4ED9B2396603000129DBF /* RxSwiftExamplesTest.swift */,
			);
			path = reactivex;
			sourceTree = "<group>";
		};
		DED02A9124A1EE08009679E1 /* closures */ = {
			isa = PBXGroup;
			children = (
				DED02A9324A1EE4A009679E1 /* ComputeClosure.swift */,
			);
			path = closures;
			sourceTree = "<group>";
		};
		DED02A9924A1F08E009679E1 /* closures */ = {
			isa = PBXGroup;
			children = (
				DED02A9624A1F04A009679E1 /* ComputeClosureTest.swift */,
			);
			path = closures;
			sourceTree = "<group>";
		};
		DEFCBBE6223F600200CBBAC6 /* bst */ = {
			isa = PBXGroup;
			children = (
				DE007958223E09D100E7ACAA /* AllPaths.swift */,
				DEFCBBE3223F5FF600CBBAC6 /* BSTInversion.swift */,
				DE06039325CD257B0080F02E /* BSTKthElement.swift */,
				DEFCBBDB223F5D4500CBBAC6 /* BSTMaxHeight.swift */,
				DE014DB222993BC600578BB1 /* BSTPathSum.swift */,
				DEFCBBD3223E1A0D00CBBAC6 /* HeightBalancedTree.swift */,
				DE14F8F425C94A740048DA2E /* MergeTwoBST.swift */,
				DE06035625CAAEE60080F02E /* UnivaluedBinaryTree.swift */,
			);
			path = bst;
			sourceTree = "<group>";
		};
		DEFCBBE8223F601600CBBAC6 /* bst */ = {
			isa = PBXGroup;
			children = (
				DE00795C223E0A3400E7ACAA /* AllPathsTest.swift */,
				DEFCBBE9223F623400CBBAC6 /* BSTInversionTest.swift */,
				DE0603A125CD289B0080F02E /* BSTKthElementTest.swift */,
				DEFCBBDF223F5D6700CBBAC6 /* BSTMaxHeightTest.swift */,
				DE014DB62299421300578BB1 /* BSTPathSumTest.swift */,
				DEFCBBD7223E1A2D00CBBAC6 /* HeightBalancedTreeTest.swift */,
				DE06034225C953520080F02E /* MergeTwoBSTTest.swift */,
				DE06035C25CAB3B90080F02E /* UnivaluedBinaryTreeTest.swift */,
			);
			path = bst;
			sourceTree = "<group>";
		};
		DEFCBBFB2241A22300CBBAC6 /* swift */ = {
			isa = PBXGroup;
			children = (
				DED02A9124A1EE08009679E1 /* closures */,
				DE1D6ADC229CF24F0084183F /* collections */,
				DEAAF10F23F3F2FF00537D56 /* combine */,
				DE1D6AE3229D042F0084183F /* conversion */,
				DE3BC6D1225883C800867EED /* file */,
				DE565C9823EA949F00423707 /* network */,
				DE1D6AF6229D2BB70084183F /* object */,
				DE5CEB3F23ED33EC008C60CC /* system */,
				DE3BC6D3225886A700867EED /* text */,
			);
			path = swift;
			sourceTree = "<group>";
		};
		DEFCBBFF2241A3B400CBBAC6 /* swift */ = {
			isa = PBXGroup;
			children = (
				DED02A9924A1F08E009679E1 /* closures */,
				DEAAF11423F3F47F00537D56 /* combine */,
				DE1D6AEB229D04BF0084183F /* conversion */,
				DE1D6AE0229CF4A60084183F /* collections */,
				DE3BC6CF2258838C00867EED /* file */,
				DE565C9C23EA94CB00423707 /* network */,
				DE1D6AF9229D2BDA0084183F /* object */,
				DE5CEB4423ED34E3008C60CC /* system */,
				DE3BC6D22258860C00867EED /* text */,
			);
			path = swift;
			sourceTree = "<group>";
		};
		DEFCBC042241A94800CBBAC6 /* resources */ = {
			isa = PBXGroup;
			children = (
				DEFCBC062241A9F000CBBAC6 /* test01.plist */,
				DEFCBC082241AA8300CBBAC6 /* test02.txt */,
				DEFCBC0C224201D800CBBAC6 /* test03.json */,
				DEFCBC0F224205F500CBBAC6 /* test04.json */,
				DEFCBC11224226BA00CBBAC6 /* test05.json */,
				DEFCBC1322422B0B00CBBAC6 /* test06.json */,
			);
			path = resources;
			sourceTree = "<group>";
		};
/* End PBXGroup section */

/* Begin PBXHeadersBuildPhase section */
		DE90054C222B8E5600458081 /* Headers */ = {
			isa = PBXHeadersBuildPhase;
			buildActionMask = 2147483647;
			files = (
				DE900562222B8E5600458081 /* SwiftCodes.h in Headers */,
			);
			runOnlyForDeploymentPostprocessing = 0;
		};
/* End PBXHeadersBuildPhase section */

/* Begin PBXNativeTarget section */
		DE900550222B8E5600458081 /* SwiftCodes */ = {
			isa = PBXNativeTarget;
			buildConfigurationList = DE900565222B8E5600458081 /* Build configuration list for PBXNativeTarget "SwiftCodes" */;
			buildPhases = (
				DE90054C222B8E5600458081 /* Headers */,
				DE90054D222B8E5600458081 /* Sources */,
				DE90054E222B8E5600458081 /* Frameworks */,
				DE90054F222B8E5600458081 /* Resources */,
			);
			buildRules = (
			);
			dependencies = (
				DE90058E222B941100458081 /* PBXTargetDependency */,
			);
			name = SwiftCodes;
			packageProductDependencies = (
				DEB4ED9023965CA600129DBF /* RxSwift */,
			);
			productName = SwiftCodes;
			productReference = DE900551222B8E5600458081 /* SwiftCodes.framework */;
			productType = "com.apple.product-type.framework";
		};
		DE900559222B8E5600458081 /* SwiftCodesTests */ = {
			isa = PBXNativeTarget;
			buildConfigurationList = DE900568222B8E5600458081 /* Build configuration list for PBXNativeTarget "SwiftCodesTests" */;
			buildPhases = (
				DE900556222B8E5600458081 /* Sources */,
				DE900557222B8E5600458081 /* Frameworks */,
				DE900558222B8E5600458081 /* Resources */,
			);
			buildRules = (
			);
			dependencies = (
				DE90055D222B8E5600458081 /* PBXTargetDependency */,
			);
			name = SwiftCodesTests;
			productName = SwiftCodesTests;
			productReference = DE90055A222B8E5600458081 /* SwiftCodesTests.xctest */;
			productType = "com.apple.product-type.bundle.unit-test";
		};
/* End PBXNativeTarget section */

/* Begin PBXProject section */
		DE900548222B8E5600458081 /* Project object */ = {
			isa = PBXProject;
			attributes = {
				LastSwiftUpdateCheck = 1010;
				LastUpgradeCheck = 1240;
				ORGANIZATIONNAME = kylelearnedthis;
				TargetAttributes = {
					DE900550222B8E5600458081 = {
						CreatedOnToolsVersion = 10.1;
						LastSwiftMigration = 1020;
					};
					DE900559222B8E5600458081 = {
						CreatedOnToolsVersion = 10.1;
						LastSwiftMigration = 1020;
					};
				};
			};
			buildConfigurationList = DE90054B222B8E5600458081 /* Build configuration list for PBXProject "SwiftCodes" */;
			compatibilityVersion = "Xcode 9.3";
			developmentRegion = en;
			hasScannedForEncodings = 0;
			knownRegions = (
				en,
				Base,
			);
			mainGroup = DE900547222B8E5600458081;
			packageReferences = (
				DEB4ED8F23965CA600129DBF /* XCRemoteSwiftPackageReference "RxSwift" */,
			);
			productRefGroup = DE900552222B8E5600458081 /* Products */;
			projectDirPath = "";
			projectReferences = (
				{
					ProductGroup = DE900585222B93D200458081 /* Products */;
					ProjectRef = DE900584222B93D200458081 /* SwiftDS.xcodeproj */;
				},
			);
			projectRoot = "";
			targets = (
				DE900550222B8E5600458081 /* SwiftCodes */,
				DE900559222B8E5600458081 /* SwiftCodesTests */,
			);
		};
/* End PBXProject section */

/* Begin PBXReferenceProxy section */
		DE90058A222B93D200458081 /* SwiftDS.framework */ = {
			isa = PBXReferenceProxy;
			fileType = wrapper.framework;
			path = SwiftDS.framework;
			remoteRef = DE900589222B93D200458081 /* PBXContainerItemProxy */;
			sourceTree = BUILT_PRODUCTS_DIR;
		};
		DE90058C222B93D200458081 /* SwiftDSTests.xctest */ = {
			isa = PBXReferenceProxy;
			fileType = wrapper.cfbundle;
			path = SwiftDSTests.xctest;
			remoteRef = DE90058B222B93D200458081 /* PBXContainerItemProxy */;
			sourceTree = BUILT_PRODUCTS_DIR;
		};
/* End PBXReferenceProxy section */

/* Begin PBXResourcesBuildPhase section */
		DE90054F222B8E5600458081 /* Resources */ = {
			isa = PBXResourcesBuildPhase;
			buildActionMask = 2147483647;
			files = (
			);
			runOnlyForDeploymentPostprocessing = 0;
		};
		DE900558222B8E5600458081 /* Resources */ = {
			isa = PBXResourcesBuildPhase;
			buildActionMask = 2147483647;
			files = (
				DEFCBC092241AA8300CBBAC6 /* test02.txt in Resources */,
				DEFCBC1422422B0B00CBBAC6 /* test06.json in Resources */,
				DEFCBC0E224201D900CBBAC6 /* test03.json in Resources */,
				DEFCBC072241A9F000CBBAC6 /* test01.plist in Resources */,
				DEFCBC12224226BB00CBBAC6 /* test05.json in Resources */,
				DEFCBC10224205F500CBBAC6 /* test04.json in Resources */,
			);
			runOnlyForDeploymentPostprocessing = 0;
		};
/* End PBXResourcesBuildPhase section */

/* Begin PBXSourcesBuildPhase section */
		DE90054D222B8E5600458081 /* Sources */ = {
			isa = PBXSourcesBuildPhase;
			buildActionMask = 2147483647;
			files = (
				DE06039425CD257B0080F02E /* BSTKthElement.swift in Sources */,
				DE5F6EF522E94D53005DF8D0 /* IPDefanger.swift in Sources */,
				DE014D812298DFC200578BB1 /* NumberOfJewelsInStones.swift in Sources */,
				DE017EA725C6C2110019F718 /* MoneyInLeetcodeBank.swift in Sources */,
				DE820456230543C800A2B3C8 /* MappingTransform.swift in Sources */,
				DEF6BDF525C7F913004ACDF5 /* StringArraysEquivalent.swift in Sources */,
				DE570055229C96C30053F21A /* MergeSortedArray.swift in Sources */,
				DE5F6F0D22EAA14D005DF8D0 /* HeightChecker.swift in Sources */,
				DE0603AF25D3EED50080F02E /* StockTrading.swift in Sources */,
				DE1D6B0A229D2DDC0084183F /* Car.swift in Sources */,
				DE578EB32423406E00610E9C /* ProductSumDifference.swift in Sources */,
				DEB4ED9823965D4800129DBF /* RxSwiftExamples.swift in Sources */,
				DE5F6EED22E7FD95005DF8D0 /* MedianOfTwoSortedArrays.swift in Sources */,
				DE900580222B900E00458081 /* AirportRoute.swift in Sources */,
				DEA79A122296861400468823 /* NumberToBinary.swift in Sources */,
				DE1D6B02229D2C5C0084183F /* Phone.swift in Sources */,
				DE014DA122990B6200578BB1 /* ValidParentheses.swift in Sources */,
				DE412FD123EABF4E001EE75C /* HttpJsonFormat.swift in Sources */,
				DEF6BDE425C7F640004ACDF5 /* RichestCustomerWealth.swift in Sources */,
				DEAAF11223F3F32700537D56 /* BasicCombineExample.swift in Sources */,
				DE578EAE24233E4E00610E9C /* EvenNumberDigits.swift in Sources */,
				DE05EB3E25C6AF5200D4C558 /* RankTransformArray.swift in Sources */,
				DEDEE1C625C18C7400C1E041 /* RunningSumArray.swift in Sources */,
				DE1D6AFF229D2C270084183F /* Dog.swift in Sources */,
				DE412FD423EABF6E001EE75C /* HttpJsonExample.swift in Sources */,
				DE900581222B900E00458081 /* FizzBuzz.swift in Sources */,
				DEA79A082296497500468823 /* SingleNumber.swift in Sources */,
				DE14F8F525C94A740048DA2E /* MergeTwoBST.swift in Sources */,
				DE82045C23065A7600A2B3C8 /* Person.swift in Sources */,
				DE5F6F1B22EC0DEE005DF8D0 /* CharacterExpansion.swift in Sources */,
				DE1D6AF0229D069B0084183F /* SortByMember.swift in Sources */,
				DE1D6B05229D2C8F0084183F /* Cat.swift in Sources */,
				DE007959223E09D100E7ACAA /* AllPaths.swift in Sources */,
				DE9ED2AF229C608500C3D72B /* StringPractices.swift in Sources */,
				DEFCBBE4223F5FF600CBBAC6 /* BSTInversion.swift in Sources */,
				DEFCBBFE2241A25A00CBBAC6 /* FileOpener.swift in Sources */,
				DE3BC6D5225886EC00867EED /* Regex.swift in Sources */,
				DE565C9A23EA94C100423707 /* HttpClientExample.swift in Sources */,
				DE1D6AFC229D2C020084183F /* Sound.swift in Sources */,
				DE5CEB4223ED3411008C60CC /* EnvironmentFetch.swift in Sources */,
				DE5F6F0522EA9334005DF8D0 /* ReverseOnlyLetters.swift in Sources */,
				DEFCBBDC223F5D4500CBBAC6 /* BSTMaxHeight.swift in Sources */,
				DE014DA822991B1800578BB1 /* LongestCommonPrefix.swift in Sources */,
				DE014D902298F50D00578BB1 /* RepeatTwoNArray.swift in Sources */,
				DE5F6EFD22E994CA005DF8D0 /* DuplicateZeros.swift in Sources */,
				DE74E188230A871400C2A53E /* Pair.swift in Sources */,
				DED02A9424A1EE4A009679E1 /* ComputeClosure.swift in Sources */,
				DEFCBBD4223E1A0D00CBBAC6 /* HeightBalancedTree.swift in Sources */,
				DE014D7722979E9900578BB1 /* DailyTemperatures.swift in Sources */,
				DE900591222BA8E500458081 /* Fibonacci.swift in Sources */,
				DE06035725CAAEE60080F02E /* UnivaluedBinaryTree.swift in Sources */,
				DE014DB322993BC600578BB1 /* BSTPathSum.swift in Sources */,
				DE1D6AE5229D04470084183F /* ConvertTypes.swift in Sources */,
				DE014DBD229A157900578BB1 /* ListReverse.swift in Sources */,
				DE1D6ADE229CF2810084183F /* OrderedDictionaryExample.swift in Sources */,
				DE014DC9229A3B3200578BB1 /* ExtractNumberSum.swift in Sources */,
				DE014D982298F6A400578BB1 /* TopKElements.swift in Sources */,
				DE06038225CC14E00080F02E /* ThreeColorSorting.swift in Sources */,
			);
			runOnlyForDeploymentPostprocessing = 0;
		};
		DE900556222B8E5600458081 /* Sources */ = {
			isa = PBXSourcesBuildPhase;
			buildActionMask = 2147483647;
			files = (
				DE1D6AE2229CF4E00084183F /* OrderedDictionaryExampleTest.swift in Sources */,
				DE820457230543C800A2B3C8 /* MappingTransform.swift in Sources */,
				DE1D6AEE229D04DC0084183F /* ConvertTypesTest.swift in Sources */,
				DE014DAC229929AE00578BB1 /* LongestCommonPrefixTest.swift in Sources */,
				DE570056229C96C30053F21A /* MergeSortedArray.swift in Sources */,
				DE1D6B03229D2C5C0084183F /* Phone.swift in Sources */,
				DE82045D23065A7600A2B3C8 /* Person.swift in Sources */,
				DE017EA825C6C2110019F718 /* MoneyInLeetcodeBank.swift in Sources */,
				DE0603A225CD289B0080F02E /* BSTKthElementTest.swift in Sources */,
				DE1D6B08229D2CE20084183F /* MakeSoundTest.swift in Sources */,
				DE014DC1229A1AAA00578BB1 /* ListReverseTest.swift in Sources */,
				DEDEE1D425C18D4A00C1E041 /* RunningSumArrayTest.swift in Sources */,
				DE5F6F0922EA93F5005DF8D0 /* ReverseOnlyLettersTest.swift in Sources */,
				DEFCBBD8223E1A2D00CBBAC6 /* HeightBalancedTreeTest.swift in Sources */,
				DE06038325CC14E00080F02E /* ThreeColorSorting.swift in Sources */,
				DE900560222B8E5600458081 /* SwiftCodesTests.swift in Sources */,
				DE900583222B906500458081 /* AirportRouteTest.swift in Sources */,
				DE014DA222990B6200578BB1 /* ValidParentheses.swift in Sources */,
				DEF6BDFB25C7F949004ACDF5 /* StringArraysEquivalentTest.swift in Sources */,
				DE14F8F625C94A740048DA2E /* MergeTwoBST.swift in Sources */,
				DE565C9E23EA94F300423707 /* HttpClientExampleTest.swift in Sources */,
				DE014D9C2298FB4800578BB1 /* TopKElementsTest.swift in Sources */,
				DE9ED2B0229C608500C3D72B /* StringPractices.swift in Sources */,
				DE5F6F1E22EC1289005DF8D0 /* CharacterExpansionTest.swift in Sources */,
				DE412FD223EABF4E001EE75C /* HttpJsonFormat.swift in Sources */,
				DE565C9B23EA94C100423707 /* HttpClientExample.swift in Sources */,
				DE5CEB4623ED34FB008C60CC /* EnvironmentFetchTest.swift in Sources */,
				DE014DA422990D9600578BB1 /* ValidParenthesesTest.swift in Sources */,
				DE0603BB25D3F1120080F02E /* StockTradingTest.swift in Sources */,
				DE017EAD25C6C2410019F718 /* MoneyInLeetcodeBankTest.swift in Sources */,
				DE05EB3F25C6AF5200D4C558 /* RankTransformArray.swift in Sources */,
				DE5F6EF922E95D9C005DF8D0 /* IPDefangerTest.swift in Sources */,
				DEDEE1C725C18C7400C1E041 /* RunningSumArray.swift in Sources */,
				DEFCBBEA223F623400CBBAC6 /* BSTInversionTest.swift in Sources */,
				DEA79A0B229649B400468823 /* SingleNumberTest.swift in Sources */,
				DEB4ED9C2396603000129DBF /* RxSwiftExamplesTest.swift in Sources */,
				DE578EB62423421300610E9C /* ProductSumDifferenceTest.swift in Sources */,
				DE1D6B00229D2C270084183F /* Dog.swift in Sources */,
				DE578EAF24233E4E00610E9C /* EvenNumberDigits.swift in Sources */,
				DEFCBC022241A44800CBBAC6 /* FileOpener.swift in Sources */,
				DEA79A14229687B400468823 /* NumberToBinaryTest.swift in Sources */,
				DE5F6F0622EA9334005DF8D0 /* ReverseOnlyLetters.swift in Sources */,
				DE3BC6D6225886EC00867EED /* Regex.swift in Sources */,
				DE014DA922991B1800578BB1 /* LongestCommonPrefix.swift in Sources */,
				DE5F6F0E22EAA14D005DF8D0 /* HeightChecker.swift in Sources */,
				DEFCBBE7223F600B00CBBAC6 /* BSTInversion.swift in Sources */,
				DE5F6EF122E800E7005DF8D0 /* MedianOfTwoSortedArraysTest.swift in Sources */,
				DE00795D223E0A3400E7ACAA /* AllPathsTest.swift in Sources */,
				DE1D6AE6229D04470084183F /* ConvertTypes.swift in Sources */,
				DE5F6F1C22EC0DEE005DF8D0 /* CharacterExpansion.swift in Sources */,
				DE06035825CAAEE60080F02E /* UnivaluedBinaryTree.swift in Sources */,
				DE06038A25CC1A2B0080F02E /* ThreeColorSortingTest.swift in Sources */,
				DE00795A223E09D100E7ACAA /* AllPaths.swift in Sources */,
				DE8204592305453800A2B3C8 /* MappingTransformTest.swift in Sources */,
				DE014D842298E43900578BB1 /* NumberOfJewelsInStones.swift in Sources */,
				DE014DCA229A3B3200578BB1 /* ExtractNumberSum.swift in Sources */,
				DE014D942298F57000578BB1 /* RepeatTwoNArrayTest.swift in Sources */,
				DE412FD723EAC067001EE75C /* HttpJsonExampleTest.swift in Sources */,
				DE1D6AF3229D09120084183F /* SortByMemberTest.swift in Sources */,
				DE578EB42423406E00610E9C /* ProductSumDifference.swift in Sources */,
				DE014D7A2297A1C700578BB1 /* DailyTemperaturesTest.swift in Sources */,
				DE014D992298F6A400578BB1 /* TopKElements.swift in Sources */,
				DE900592222BA8E500458081 /* Fibonacci.swift in Sources */,
				DEFCBC012241A3DF00CBBAC6 /* FileOpenerTest.swift in Sources */,
				DE90057E222B900D00458081 /* AirportRoute.swift in Sources */,
				DE9ED2B5229C619A00C3D72B /* StringPracticesTest.swift in Sources */,
				DE1D6B0B229D2DDC0084183F /* Car.swift in Sources */,
				DEA79A092296497500468823 /* SingleNumber.swift in Sources */,
				DE1D6AF1229D069B0084183F /* SortByMember.swift in Sources */,
				DEA79A152296880E00468823 /* NumberToBinary.swift in Sources */,
				DE0603B025D3EED50080F02E /* StockTrading.swift in Sources */,
				DE90057D222B8FE200458081 /* FizzBuzzTest.swift in Sources */,
				DED02A9724A1F04A009679E1 /* ComputeClosureTest.swift in Sources */,
				DE412FD523EABF6E001EE75C /* HttpJsonExample.swift in Sources */,
				DE578EB124233EB600610E9C /* EvenNumberDigitsTest.swift in Sources */,
				DE570058229C9A7B0053F21A /* MergeSortedArrayTest.swift in Sources */,
				DE900595222BA93600458081 /* FibonacciTest.swift in Sources */,
				DEAAF11623F3F5CE00537D56 /* BasicCombineExampleTest.swift in Sources */,
				DE014DB72299421300578BB1 /* BSTPathSumTest.swift in Sources */,
				DE5F6F0122E99517005DF8D0 /* DuplicateZerosTest.swift in Sources */,
				DE1D6AFD229D2C020084183F /* Sound.swift in Sources */,
				DEFCBBDD223F5D4500CBBAC6 /* BSTMaxHeight.swift in Sources */,
				DEFCBBE0223F5D6700CBBAC6 /* BSTMaxHeightTest.swift in Sources */,
				DE3BC6D822588B0600867EED /* RegexTest.swift in Sources */,
				DE5F6EF622E94D53005DF8D0 /* IPDefanger.swift in Sources */,
				DE014D832298E42C00578BB1 /* NumberOfJewelsInStonesTest.swift in Sources */,
				DE5F6EFE22E994CA005DF8D0 /* DuplicateZeros.swift in Sources */,
				DE06035D25CAB3B90080F02E /* UnivaluedBinaryTreeTest.swift in Sources */,
				DED02A9524A1EE52009679E1 /* ComputeClosure.swift in Sources */,
				DEF6BDE525C7F640004ACDF5 /* RichestCustomerWealth.swift in Sources */,
				DE5F6F1122EAA1FB005DF8D0 /* HeightCheckerTest.swift in Sources */,
				DE014D912298F50D00578BB1 /* RepeatTwoNArray.swift in Sources */,
				DE1D6B06229D2C8F0084183F /* Cat.swift in Sources */,
				DE74E189230A871400C2A53E /* Pair.swift in Sources */,
				DE06039525CD257B0080F02E /* BSTKthElement.swift in Sources */,
				DEAAF11323F3F32700537D56 /* BasicCombineExample.swift in Sources */,
				DEFCBBD5223E1A0D00CBBAC6 /* HeightBalancedTree.swift in Sources */,
				DE05EB4625C6B03E00D4C558 /* RankTransformArrayTest.swift in Sources */,
				DE014D7822979E9900578BB1 /* DailyTemperatures.swift in Sources */,
				DE014DCD229A3B8100578BB1 /* ExtractNumberSumTest.swift in Sources */,
				DE014DB422993BC600578BB1 /* BSTPathSum.swift in Sources */,
				DE1D6ADF229CF2810084183F /* OrderedDictionaryExample.swift in Sources */,
				DE014DBE229A157900578BB1 /* ListReverse.swift in Sources */,
				DEF6BDEB25C7F70A004ACDF5 /* RichestCustomerWealthTest.swift in Sources */,
				DE5F6EEE22E7FD95005DF8D0 /* MedianOfTwoSortedArrays.swift in Sources */,
				DE5CEB4323ED3417008C60CC /* EnvironmentFetch.swift in Sources */,
				DEF6BDF625C7F913004ACDF5 /* StringArraysEquivalent.swift in Sources */,
				DEB4ED9923965D4800129DBF /* RxSwiftExamples.swift in Sources */,
				DE90057F222B900D00458081 /* FizzBuzz.swift in Sources */,
				DE06034325C953520080F02E /* MergeTwoBSTTest.swift in Sources */,
			);
			runOnlyForDeploymentPostprocessing = 0;
		};
/* End PBXSourcesBuildPhase section */

/* Begin PBXTargetDependency section */
		DE90055D222B8E5600458081 /* PBXTargetDependency */ = {
			isa = PBXTargetDependency;
			target = DE900550222B8E5600458081 /* SwiftCodes */;
			targetProxy = DE90055C222B8E5600458081 /* PBXContainerItemProxy */;
		};
		DE90058E222B941100458081 /* PBXTargetDependency */ = {
			isa = PBXTargetDependency;
			name = SwiftDS;
			targetProxy = DE90058D222B941100458081 /* PBXContainerItemProxy */;
		};
/* End PBXTargetDependency section */

/* Begin XCBuildConfiguration section */
		DE900563222B8E5600458081 /* Debug */ = {
			isa = XCBuildConfiguration;
			buildSettings = {
				ALWAYS_SEARCH_USER_PATHS = NO;
				CLANG_ANALYZER_NONNULL = YES;
				CLANG_ANALYZER_NUMBER_OBJECT_CONVERSION = YES_AGGRESSIVE;
				CLANG_CXX_LANGUAGE_STANDARD = "gnu++14";
				CLANG_CXX_LIBRARY = "libc++";
				CLANG_ENABLE_MODULES = YES;
				CLANG_ENABLE_OBJC_ARC = YES;
				CLANG_ENABLE_OBJC_WEAK = YES;
				CLANG_WARN_BLOCK_CAPTURE_AUTORELEASING = YES;
				CLANG_WARN_BOOL_CONVERSION = YES;
				CLANG_WARN_COMMA = YES;
				CLANG_WARN_CONSTANT_CONVERSION = YES;
				CLANG_WARN_DEPRECATED_OBJC_IMPLEMENTATIONS = YES;
				CLANG_WARN_DIRECT_OBJC_ISA_USAGE = YES_ERROR;
				CLANG_WARN_DOCUMENTATION_COMMENTS = YES;
				CLANG_WARN_EMPTY_BODY = YES;
				CLANG_WARN_ENUM_CONVERSION = YES;
				CLANG_WARN_INFINITE_RECURSION = YES;
				CLANG_WARN_INT_CONVERSION = YES;
				CLANG_WARN_NON_LITERAL_NULL_CONVERSION = YES;
				CLANG_WARN_OBJC_IMPLICIT_RETAIN_SELF = YES;
				CLANG_WARN_OBJC_LITERAL_CONVERSION = YES;
				CLANG_WARN_OBJC_ROOT_CLASS = YES_ERROR;
				CLANG_WARN_QUOTED_INCLUDE_IN_FRAMEWORK_HEADER = YES;
				CLANG_WARN_RANGE_LOOP_ANALYSIS = YES;
				CLANG_WARN_STRICT_PROTOTYPES = YES;
				CLANG_WARN_SUSPICIOUS_MOVE = YES;
				CLANG_WARN_UNGUARDED_AVAILABILITY = YES_AGGRESSIVE;
				CLANG_WARN_UNREACHABLE_CODE = YES;
				CLANG_WARN__DUPLICATE_METHOD_MATCH = YES;
				CODE_SIGN_IDENTITY = "-";
				COPY_PHASE_STRIP = NO;
				CURRENT_PROJECT_VERSION = 1;
				DEBUG_INFORMATION_FORMAT = dwarf;
				ENABLE_STRICT_OBJC_MSGSEND = YES;
				ENABLE_TESTABILITY = YES;
				GCC_C_LANGUAGE_STANDARD = gnu11;
				GCC_DYNAMIC_NO_PIC = NO;
				GCC_NO_COMMON_BLOCKS = YES;
				GCC_OPTIMIZATION_LEVEL = 0;
				GCC_PREPROCESSOR_DEFINITIONS = (
					"DEBUG=1",
					"$(inherited)",
				);
				GCC_WARN_64_TO_32_BIT_CONVERSION = YES;
				GCC_WARN_ABOUT_RETURN_TYPE = YES_ERROR;
				GCC_WARN_UNDECLARED_SELECTOR = YES;
				GCC_WARN_UNINITIALIZED_AUTOS = YES_AGGRESSIVE;
				GCC_WARN_UNUSED_FUNCTION = YES;
				GCC_WARN_UNUSED_VARIABLE = YES;
				MACOSX_DEPLOYMENT_TARGET = 11.0;
				MTL_ENABLE_DEBUG_INFO = INCLUDE_SOURCE;
				MTL_FAST_MATH = YES;
				ONLY_ACTIVE_ARCH = YES;
				SDKROOT = macosx;
				SWIFT_ACTIVE_COMPILATION_CONDITIONS = DEBUG;
				SWIFT_OPTIMIZATION_LEVEL = "-Onone";
				VERSIONING_SYSTEM = "apple-generic";
				VERSION_INFO_PREFIX = "";
			};
			name = Debug;
		};
		DE900564222B8E5600458081 /* Release */ = {
			isa = XCBuildConfiguration;
			buildSettings = {
				ALWAYS_SEARCH_USER_PATHS = NO;
				CLANG_ANALYZER_NONNULL = YES;
				CLANG_ANALYZER_NUMBER_OBJECT_CONVERSION = YES_AGGRESSIVE;
				CLANG_CXX_LANGUAGE_STANDARD = "gnu++14";
				CLANG_CXX_LIBRARY = "libc++";
				CLANG_ENABLE_MODULES = YES;
				CLANG_ENABLE_OBJC_ARC = YES;
				CLANG_ENABLE_OBJC_WEAK = YES;
				CLANG_WARN_BLOCK_CAPTURE_AUTORELEASING = YES;
				CLANG_WARN_BOOL_CONVERSION = YES;
				CLANG_WARN_COMMA = YES;
				CLANG_WARN_CONSTANT_CONVERSION = YES;
				CLANG_WARN_DEPRECATED_OBJC_IMPLEMENTATIONS = YES;
				CLANG_WARN_DIRECT_OBJC_ISA_USAGE = YES_ERROR;
				CLANG_WARN_DOCUMENTATION_COMMENTS = YES;
				CLANG_WARN_EMPTY_BODY = YES;
				CLANG_WARN_ENUM_CONVERSION = YES;
				CLANG_WARN_INFINITE_RECURSION = YES;
				CLANG_WARN_INT_CONVERSION = YES;
				CLANG_WARN_NON_LITERAL_NULL_CONVERSION = YES;
				CLANG_WARN_OBJC_IMPLICIT_RETAIN_SELF = YES;
				CLANG_WARN_OBJC_LITERAL_CONVERSION = YES;
				CLANG_WARN_OBJC_ROOT_CLASS = YES_ERROR;
				CLANG_WARN_QUOTED_INCLUDE_IN_FRAMEWORK_HEADER = YES;
				CLANG_WARN_RANGE_LOOP_ANALYSIS = YES;
				CLANG_WARN_STRICT_PROTOTYPES = YES;
				CLANG_WARN_SUSPICIOUS_MOVE = YES;
				CLANG_WARN_UNGUARDED_AVAILABILITY = YES_AGGRESSIVE;
				CLANG_WARN_UNREACHABLE_CODE = YES;
				CLANG_WARN__DUPLICATE_METHOD_MATCH = YES;
				CODE_SIGN_IDENTITY = "-";
				COPY_PHASE_STRIP = NO;
				CURRENT_PROJECT_VERSION = 1;
				DEBUG_INFORMATION_FORMAT = "dwarf-with-dsym";
				ENABLE_NS_ASSERTIONS = NO;
				ENABLE_STRICT_OBJC_MSGSEND = YES;
				GCC_C_LANGUAGE_STANDARD = gnu11;
				GCC_NO_COMMON_BLOCKS = YES;
				GCC_WARN_64_TO_32_BIT_CONVERSION = YES;
				GCC_WARN_ABOUT_RETURN_TYPE = YES_ERROR;
				GCC_WARN_UNDECLARED_SELECTOR = YES;
				GCC_WARN_UNINITIALIZED_AUTOS = YES_AGGRESSIVE;
				GCC_WARN_UNUSED_FUNCTION = YES;
				GCC_WARN_UNUSED_VARIABLE = YES;
				MACOSX_DEPLOYMENT_TARGET = 11.0;
				MTL_ENABLE_DEBUG_INFO = NO;
				MTL_FAST_MATH = YES;
				SDKROOT = macosx;
				SWIFT_COMPILATION_MODE = wholemodule;
				SWIFT_OPTIMIZATION_LEVEL = "-O";
				VERSIONING_SYSTEM = "apple-generic";
				VERSION_INFO_PREFIX = "";
			};
			name = Release;
		};
		DE900566222B8E5600458081 /* Debug */ = {
			isa = XCBuildConfiguration;
			buildSettings = {
				CLANG_ENABLE_MODULES = YES;
				CODE_SIGN_IDENTITY = "";
				CODE_SIGN_STYLE = Automatic;
				COMBINE_HIDPI_IMAGES = YES;
				DEFINES_MODULE = YES;
				DYLIB_COMPATIBILITY_VERSION = 1;
				DYLIB_CURRENT_VERSION = 1;
				DYLIB_INSTALL_NAME_BASE = "@rpath";
				FRAMEWORK_VERSION = A;
				INFOPLIST_FILE = SwiftCodes/Info.plist;
				INSTALL_PATH = "$(LOCAL_LIBRARY_DIR)/Frameworks";
				LD_RUNPATH_SEARCH_PATHS = (
					"$(inherited)",
					"@executable_path/../Frameworks",
					"@loader_path/Frameworks",
				);
				PRODUCT_BUNDLE_IDENTIFIER = com.albion.SwiftCodes;
				PRODUCT_NAME = "$(TARGET_NAME:c99extidentifier)";
				SKIP_INSTALL = YES;
				SWIFT_OPTIMIZATION_LEVEL = "-Onone";
				SWIFT_VERSION = 5.0;
			};
			name = Debug;
		};
		DE900567222B8E5600458081 /* Release */ = {
			isa = XCBuildConfiguration;
			buildSettings = {
				CLANG_ENABLE_MODULES = YES;
				CODE_SIGN_IDENTITY = "";
				CODE_SIGN_STYLE = Automatic;
				COMBINE_HIDPI_IMAGES = YES;
				DEFINES_MODULE = YES;
				DYLIB_COMPATIBILITY_VERSION = 1;
				DYLIB_CURRENT_VERSION = 1;
				DYLIB_INSTALL_NAME_BASE = "@rpath";
				FRAMEWORK_VERSION = A;
				INFOPLIST_FILE = SwiftCodes/Info.plist;
				INSTALL_PATH = "$(LOCAL_LIBRARY_DIR)/Frameworks";
				LD_RUNPATH_SEARCH_PATHS = (
					"$(inherited)",
					"@executable_path/../Frameworks",
					"@loader_path/Frameworks",
				);
				PRODUCT_BUNDLE_IDENTIFIER = com.albion.SwiftCodes;
				PRODUCT_NAME = "$(TARGET_NAME:c99extidentifier)";
				SKIP_INSTALL = YES;
				SWIFT_VERSION = 5.0;
			};
			name = Release;
		};
		DE900569222B8E5600458081 /* Debug */ = {
			isa = XCBuildConfiguration;
			buildSettings = {
				ALWAYS_EMBED_SWIFT_STANDARD_LIBRARIES = YES;
				CODE_SIGN_STYLE = Automatic;
				COMBINE_HIDPI_IMAGES = YES;
				INFOPLIST_FILE = SwiftCodesTests/Info.plist;
				LD_RUNPATH_SEARCH_PATHS = (
					"$(inherited)",
					"@executable_path/../Frameworks",
					"@loader_path/../Frameworks",
				);
				PRODUCT_BUNDLE_IDENTIFIER = com.albion.SwiftCodesTests;
				PRODUCT_NAME = "$(TARGET_NAME)";
				SWIFT_VERSION = 5.0;
			};
			name = Debug;
		};
		DE90056A222B8E5600458081 /* Release */ = {
			isa = XCBuildConfiguration;
			buildSettings = {
				ALWAYS_EMBED_SWIFT_STANDARD_LIBRARIES = YES;
				CODE_SIGN_STYLE = Automatic;
				COMBINE_HIDPI_IMAGES = YES;
				INFOPLIST_FILE = SwiftCodesTests/Info.plist;
				LD_RUNPATH_SEARCH_PATHS = (
					"$(inherited)",
					"@executable_path/../Frameworks",
					"@loader_path/../Frameworks",
				);
				PRODUCT_BUNDLE_IDENTIFIER = com.albion.SwiftCodesTests;
				PRODUCT_NAME = "$(TARGET_NAME)";
				SWIFT_VERSION = 5.0;
			};
			name = Release;
		};
/* End XCBuildConfiguration section */

/* Begin XCConfigurationList section */
		DE90054B222B8E5600458081 /* Build configuration list for PBXProject "SwiftCodes" */ = {
			isa = XCConfigurationList;
			buildConfigurations = (
				DE900563222B8E5600458081 /* Debug */,
				DE900564222B8E5600458081 /* Release */,
			);
			defaultConfigurationIsVisible = 0;
			defaultConfigurationName = Release;
		};
		DE900565222B8E5600458081 /* Build configuration list for PBXNativeTarget "SwiftCodes" */ = {
			isa = XCConfigurationList;
			buildConfigurations = (
				DE900566222B8E5600458081 /* Debug */,
				DE900567222B8E5600458081 /* Release */,
			);
			defaultConfigurationIsVisible = 0;
			defaultConfigurationName = Release;
		};
		DE900568222B8E5600458081 /* Build configuration list for PBXNativeTarget "SwiftCodesTests" */ = {
			isa = XCConfigurationList;
			buildConfigurations = (
				DE900569222B8E5600458081 /* Debug */,
				DE90056A222B8E5600458081 /* Release */,
			);
			defaultConfigurationIsVisible = 0;
			defaultConfigurationName = Release;
		};
/* End XCConfigurationList section */

/* Begin XCRemoteSwiftPackageReference section */
		DEB4ED8F23965CA600129DBF /* XCRemoteSwiftPackageReference "RxSwift" */ = {
			isa = XCRemoteSwiftPackageReference;
			repositoryURL = "https://github.com/ReactiveX/RxSwift.git";
			requirement = {
				kind = upToNextMajorVersion;
				minimumVersion = 5.0.1;
			};
		};
/* End XCRemoteSwiftPackageReference section */

/* Begin XCSwiftPackageProductDependency section */
		DEB4ED9023965CA600129DBF /* RxSwift */ = {
			isa = XCSwiftPackageProductDependency;
			package = DEB4ED8F23965CA600129DBF /* XCRemoteSwiftPackageReference "RxSwift" */;
			productName = RxSwift;
		};
/* End XCSwiftPackageProductDependency section */
	};
	rootObject = DE900548222B8E5600458081 /* Project object */;
}
